// !$*UTF8*$!
{
	archiveVersion = 1;
	classes = {
	};
	objectVersion = 56;
	objects = {

/* Begin PBXBuildFile section */
		302E39132BC92B2A00639007 /* SettingsCellView.swift in Sources */ = {isa = PBXBuildFile; fileRef = 302E39122BC92B2A00639007 /* SettingsCellView.swift */; };
		302E39182BC9A49000639007 /* SoundManager.swift in Sources */ = {isa = PBXBuildFile; fileRef = 302E39172BC9A49000639007 /* SoundManager.swift */; };
		303362832BC6B28300A2ECE9 /* CardTimerView.swift in Sources */ = {isa = PBXBuildFile; fileRef = 303362822BC6B28300A2ECE9 /* CardTimerView.swift */; };
		303D46A32BC2BF5E00A57E09 /* UISearchBar+Extensions.swift in Sources */ = {isa = PBXBuildFile; fileRef = 303D46A22BC2BF5E00A57E09 /* UISearchBar+Extensions.swift */; };
		303D46A62BC2EDFB00A57E09 /* BookmarkManager.swift in Sources */ = {isa = PBXBuildFile; fileRef = 303D46A52BC2EDFB00A57E09 /* BookmarkManager.swift */; };
		303D46A82BC3235200A57E09 /* ExploreItemView.swift in Sources */ = {isa = PBXBuildFile; fileRef = 303D46A72BC3235200A57E09 /* ExploreItemView.swift */; };
		3044557F2BCC400600B52FCD /* OnboardingCoordinator.swift in Sources */ = {isa = PBXBuildFile; fileRef = 3044557B2BCC400500B52FCD /* OnboardingCoordinator.swift */; };
		304455802BCC400600B52FCD /* OnboardingViewController.swift in Sources */ = {isa = PBXBuildFile; fileRef = 3044557C2BCC400500B52FCD /* OnboardingViewController.swift */; };
		304455812BCC400600B52FCD /* OnboardingView.swift in Sources */ = {isa = PBXBuildFile; fileRef = 3044557E2BCC400500B52FCD /* OnboardingView.swift */; };
		304455852BCC5CA600B52FCD /* RobotoSlabRegular.ttf in Resources */ = {isa = PBXBuildFile; fileRef = 304455832BCC5CA600B52FCD /* RobotoSlabRegular.ttf */; };
		304455862BCC5CA600B52FCD /* RobotoSlabMedium.ttf in Resources */ = {isa = PBXBuildFile; fileRef = 304455842BCC5CA600B52FCD /* RobotoSlabMedium.ttf */; };
		304455882BCC5E9A00B52FCD /* UIFont+Extensions.swift in Sources */ = {isa = PBXBuildFile; fileRef = 304455872BCC5E9A00B52FCD /* UIFont+Extensions.swift */; };
		30493F582BC5C937001BB2AF /* Localizable.strings in Resources */ = {isa = PBXBuildFile; fileRef = 30493F5A2BC5C937001BB2AF /* Localizable.strings */; };
		305479A92BCF198B000A6797 /* FirebaseAnalytics in Frameworks */ = {isa = PBXBuildFile; productRef = 305479A82BCF198B000A6797 /* FirebaseAnalytics */; };
		305479AB2BCF1AB5000A6797 /* GoogleService-Info.plist in Resources */ = {isa = PBXBuildFile; fileRef = 305479AA2BCF1AB5000A6797 /* GoogleService-Info.plist */; };
		3072C8382BBFFB9C00381BDF /* AppDelegate.swift in Sources */ = {isa = PBXBuildFile; fileRef = 3072C8372BBFFB9C00381BDF /* AppDelegate.swift */; };
		3072C83A2BBFFB9C00381BDF /* SceneDelegate.swift in Sources */ = {isa = PBXBuildFile; fileRef = 3072C8392BBFFB9C00381BDF /* SceneDelegate.swift */; };
		3072C83C2BBFFB9C00381BDF /* SearchViewController.swift in Sources */ = {isa = PBXBuildFile; fileRef = 3072C83B2BBFFB9C00381BDF /* SearchViewController.swift */; };
		3072C8412BBFFB9D00381BDF /* Assets.xcassets in Resources */ = {isa = PBXBuildFile; fileRef = 3072C8402BBFFB9D00381BDF /* Assets.xcassets */; };
		3072C8442BBFFB9D00381BDF /* LaunchScreen.storyboard in Resources */ = {isa = PBXBuildFile; fileRef = 3072C8422BBFFB9D00381BDF /* LaunchScreen.storyboard */; };
		3072C84F2BBFFB9D00381BDF /* talmideoTests.swift in Sources */ = {isa = PBXBuildFile; fileRef = 3072C84E2BBFFB9D00381BDF /* talmideoTests.swift */; };
		3072C8592BBFFB9D00381BDF /* talmideoUITests.swift in Sources */ = {isa = PBXBuildFile; fileRef = 3072C8582BBFFB9D00381BDF /* talmideoUITests.swift */; };
		3072C85B2BBFFB9D00381BDF /* talmideoUITestsLaunchTests.swift in Sources */ = {isa = PBXBuildFile; fileRef = 3072C85A2BBFFB9D00381BDF /* talmideoUITestsLaunchTests.swift */; };
		3072C8762BBFFFA600381BDF /* NetworkService.swift in Sources */ = {isa = PBXBuildFile; fileRef = 3072C86E2BBFFFA600381BDF /* NetworkService.swift */; };
		3072C8792BBFFFA600381BDF /* Router.swift in Sources */ = {isa = PBXBuildFile; fileRef = 3072C8732BBFFFA600381BDF /* Router.swift */; };
		3072C87A2BBFFFA600381BDF /* Route.swift in Sources */ = {isa = PBXBuildFile; fileRef = 3072C8742BBFFFA600381BDF /* Route.swift */; };
		3072C87D2BBFFFB600381BDF /* CombineUtils.swift in Sources */ = {isa = PBXBuildFile; fileRef = 3072C87C2BBFFFB600381BDF /* CombineUtils.swift */; };
		3072C8892BBFFFC100381BDF /* Int+Extensions.swift in Sources */ = {isa = PBXBuildFile; fileRef = 3072C87F2BBFFFC100381BDF /* Int+Extensions.swift */; };
		3072C88A2BBFFFC100381BDF /* UIViewController+Extensions.swift in Sources */ = {isa = PBXBuildFile; fileRef = 3072C8802BBFFFC100381BDF /* UIViewController+Extensions.swift */; };
		3072C88B2BBFFFC100381BDF /* String+Extensions.swift in Sources */ = {isa = PBXBuildFile; fileRef = 3072C8812BBFFFC100381BDF /* String+Extensions.swift */; };
		3072C88C2BBFFFC100381BDF /* UIView+Extension.swift in Sources */ = {isa = PBXBuildFile; fileRef = 3072C8822BBFFFC100381BDF /* UIView+Extension.swift */; };
		3072C88D2BBFFFC100381BDF /* UIColor+Extensions.swift in Sources */ = {isa = PBXBuildFile; fileRef = 3072C8832BBFFFC100381BDF /* UIColor+Extensions.swift */; };
		3072C88E2BBFFFC100381BDF /* Encodable+Extensions.swift in Sources */ = {isa = PBXBuildFile; fileRef = 3072C8842BBFFFC100381BDF /* Encodable+Extensions.swift */; };
		3072C88F2BBFFFC100381BDF /* UIStackView+Extension.swift in Sources */ = {isa = PBXBuildFile; fileRef = 3072C8852BBFFFC100381BDF /* UIStackView+Extension.swift */; };
		3072C8902BBFFFC100381BDF /* UserDefaults+Extension.swift in Sources */ = {isa = PBXBuildFile; fileRef = 3072C8862BBFFFC100381BDF /* UserDefaults+Extension.swift */; };
		3072C8912BBFFFC100381BDF /* Float+Extensions.swift in Sources */ = {isa = PBXBuildFile; fileRef = 3072C8872BBFFFC100381BDF /* Float+Extensions.swift */; };
		3072C8922BBFFFC100381BDF /* Comparable+Extensions.swift in Sources */ = {isa = PBXBuildFile; fileRef = 3072C8882BBFFFC100381BDF /* Comparable+Extensions.swift */; };
		3072C89A2BBFFFC700381BDF /* Localized.swift in Sources */ = {isa = PBXBuildFile; fileRef = 3072C8952BBFFFC700381BDF /* Localized.swift */; };
		3072C89B2BBFFFC700381BDF /* Constants.swift in Sources */ = {isa = PBXBuildFile; fileRef = 3072C8962BBFFFC700381BDF /* Constants.swift */; };
		3072C89C2BBFFFC700381BDF /* Colors.swift in Sources */ = {isa = PBXBuildFile; fileRef = 3072C8972BBFFFC700381BDF /* Colors.swift */; };
		3072C8A12BC0007100381BDF /* BaseViewController.swift in Sources */ = {isa = PBXBuildFile; fileRef = 3072C8A02BC0007100381BDF /* BaseViewController.swift */; };
		3072C8A32BC0049000381BDF /* index.db in Resources */ = {isa = PBXBuildFile; fileRef = 3072C8A22BC0049000381BDF /* index.db */; };
		3072C8A52BC0049B00381BDF /* database.db in Resources */ = {isa = PBXBuildFile; fileRef = 3072C8A42BC0049B00381BDF /* database.db */; };
		3072D6C32BC0071600381BDF /* Coordinatable.swift in Sources */ = {isa = PBXBuildFile; fileRef = 3072D6BF2BC0071600381BDF /* Coordinatable.swift */; };
		3072D6C42BC0071600381BDF /* AnyCoordinator.swift in Sources */ = {isa = PBXBuildFile; fileRef = 3072D6C02BC0071600381BDF /* AnyCoordinator.swift */; };
		3072D6C52BC0071600381BDF /* MappedCoordinator.swift in Sources */ = {isa = PBXBuildFile; fileRef = 3072D6C12BC0071600381BDF /* MappedCoordinator.swift */; };
		3072D6C62BC0071600381BDF /* Coordinator.swift in Sources */ = {isa = PBXBuildFile; fileRef = 3072D6C22BC0071600381BDF /* Coordinator.swift */; };
		3072D6C92BC007CD00381BDF /* TalmideoCoordinator.swift in Sources */ = {isa = PBXBuildFile; fileRef = 3072D6C82BC007CD00381BDF /* TalmideoCoordinator.swift */; };
		3072D6CD2BC008DC00381BDF /* CombineAsyncStreamBridge.swift in Sources */ = {isa = PBXBuildFile; fileRef = 3072D6CB2BC008DC00381BDF /* CombineAsyncStreamBridge.swift */; };
		3072D6CE2BC008DC00381BDF /* Publisher+SingleOutput.swift in Sources */ = {isa = PBXBuildFile; fileRef = 3072D6CC2BC008DC00381BDF /* Publisher+SingleOutput.swift */; };
		3072D6D12BC00D3500381BDF /* SQLiteDataDatabase.swift in Sources */ = {isa = PBXBuildFile; fileRef = 3072D6D02BC00D3500381BDF /* SQLiteDataDatabase.swift */; };
		3072D6D42BC0168800381BDF /* SearchWordModel.swift in Sources */ = {isa = PBXBuildFile; fileRef = 3072D6D32BC0168800381BDF /* SearchWordModel.swift */; };
		3072D6D72BC02ADD00381BDF /* SearchHeaderView.swift in Sources */ = {isa = PBXBuildFile; fileRef = 3072D6D62BC02ADC00381BDF /* SearchHeaderView.swift */; };
		3072D6DB2BC0339800381BDF /* SearchCoordinator.swift in Sources */ = {isa = PBXBuildFile; fileRef = 3072D6DA2BC0339800381BDF /* SearchCoordinator.swift */; };
		3072D6DE2BC037CE00381BDF /* SearchViewModel.swift in Sources */ = {isa = PBXBuildFile; fileRef = 3072D6DD2BC037CE00381BDF /* SearchViewModel.swift */; };
		3072D6E02BC03C3400381BDF /* SearchCellView.swift in Sources */ = {isa = PBXBuildFile; fileRef = 3072D6DF2BC03C3400381BDF /* SearchCellView.swift */; };
		3072D6E32BC03C8400381BDF /* SearchListView.swift in Sources */ = {isa = PBXBuildFile; fileRef = 3072D6E22BC03C8400381BDF /* SearchListView.swift */; };
		3072D6E52BC060B600381BDF /* TabViewController.swift in Sources */ = {isa = PBXBuildFile; fileRef = 3072D6E42BC060B600381BDF /* TabViewController.swift */; };
		3072D6EA2BC06A7C00381BDF /* SettingsCoordinator.swift in Sources */ = {isa = PBXBuildFile; fileRef = 3072D6E92BC06A7C00381BDF /* SettingsCoordinator.swift */; };
		3072D6EC2BC06AC900381BDF /* SettingsViewController.swift in Sources */ = {isa = PBXBuildFile; fileRef = 3072D6EB2BC06AC900381BDF /* SettingsViewController.swift */; };
		3072D6F12BC0779E00381BDF /* ExploreViewController.swift in Sources */ = {isa = PBXBuildFile; fileRef = 3072D6F02BC0779E00381BDF /* ExploreViewController.swift */; };
		3072D6F32BC077AB00381BDF /* ExploreCoordinator.swift in Sources */ = {isa = PBXBuildFile; fileRef = 3072D6F22BC077AB00381BDF /* ExploreCoordinator.swift */; };
		3072D6F82BC078AF00381BDF /* WordCoordinator.swift in Sources */ = {isa = PBXBuildFile; fileRef = 3072D6F72BC078AF00381BDF /* WordCoordinator.swift */; };
		3072D6FA2BC078BC00381BDF /* WordViewController.swift in Sources */ = {isa = PBXBuildFile; fileRef = 3072D6F92BC078BC00381BDF /* WordViewController.swift */; };
		3072D6FC2BC0899000381BDF /* WordModel.swift in Sources */ = {isa = PBXBuildFile; fileRef = 3072D6FB2BC0899000381BDF /* WordModel.swift */; };
		3072D6FE2BC133B100381BDF /* WordHeaderView.swift in Sources */ = {isa = PBXBuildFile; fileRef = 3072D6FD2BC133B100381BDF /* WordHeaderView.swift */; };
		3072D7002BC18B2800381BDF /* WordDataView.swift in Sources */ = {isa = PBXBuildFile; fileRef = 3072D6FF2BC18B2800381BDF /* WordDataView.swift */; };
		3072D7022BC1ACD000381BDF /* WordDataRowView.swift in Sources */ = {isa = PBXBuildFile; fileRef = 3072D7012BC1ACD000381BDF /* WordDataRowView.swift */; };
		3086DA622BCA8EB200779F98 /* cardSwipeCalm.mp3 in Resources */ = {isa = PBXBuildFile; fileRef = 3086DA612BCA8EB200779F98 /* cardSwipeCalm.mp3 */; };
		3086DA652BCA93A000779F98 /* NotificationManger.swift in Sources */ = {isa = PBXBuildFile; fileRef = 3086DA642BCA93A000779F98 /* NotificationManger.swift */; };
		30BD50922BD27C0E008C2D01 /* Analytics.swift in Sources */ = {isa = PBXBuildFile; fileRef = 30BD50912BD27C0E008C2D01 /* Analytics.swift */; };
		30E5C0A22BC4176B0032D7B3 /* UIButton+Extensions.swift in Sources */ = {isa = PBXBuildFile; fileRef = 30E5C0A12BC4176B0032D7B3 /* UIButton+Extensions.swift */; };
		30E5C41D2BC41E7D0032D7B3 /* CardViewController.swift in Sources */ = {isa = PBXBuildFile; fileRef = 30E5C41C2BC41E7D0032D7B3 /* CardViewController.swift */; };
		30E5C41F2BC41E9B0032D7B3 /* CardCoordinator.swift in Sources */ = {isa = PBXBuildFile; fileRef = 30E5C41E2BC41E9B0032D7B3 /* CardCoordinator.swift */; };
		30E5C4242BC427320032D7B3 /* CardOverlayView.swift in Sources */ = {isa = PBXBuildFile; fileRef = 30E5C4232BC427320032D7B3 /* CardOverlayView.swift */; };
		30E5C43D2BC469DA0032D7B3 /* CardAnimationOptions.swift in Sources */ = {isa = PBXBuildFile; fileRef = 30E5C4272BC469DA0032D7B3 /* CardAnimationOptions.swift */; };
		30E5C43E2BC469DA0032D7B3 /* SwipeView.swift in Sources */ = {isa = PBXBuildFile; fileRef = 30E5C4282BC469DA0032D7B3 /* SwipeView.swift */; };
		30E5C43F2BC469DA0032D7B3 /* CardAnimator.swift in Sources */ = {isa = PBXBuildFile; fileRef = 30E5C4292BC469DA0032D7B3 /* CardAnimator.swift */; };
		30E5C4402BC469DA0032D7B3 /* SwipeCardDelegate.swift in Sources */ = {isa = PBXBuildFile; fileRef = 30E5C42A2BC469DA0032D7B3 /* SwipeCardDelegate.swift */; };
		30E5C4412BC469DA0032D7B3 /* SwipeCard.swift in Sources */ = {isa = PBXBuildFile; fileRef = 30E5C42B2BC469DA0032D7B3 /* SwipeCard.swift */; };
		30E5C4422BC469DA0032D7B3 /* Array+Extensions.swift in Sources */ = {isa = PBXBuildFile; fileRef = 30E5C42D2BC469DA0032D7B3 /* Array+Extensions.swift */; };
		30E5C4432BC469DA0032D7B3 /* CGVector+Extensions.swift in Sources */ = {isa = PBXBuildFile; fileRef = 30E5C42E2BC469DA0032D7B3 /* CGVector+Extensions.swift */; };
		30E5C4442BC469DA0032D7B3 /* UIView+Extensions.swift in Sources */ = {isa = PBXBuildFile; fileRef = 30E5C42F2BC469DA0032D7B3 /* UIView+Extensions.swift */; };
		30E5C4452BC469DA0032D7B3 /* StringUtils.swift in Sources */ = {isa = PBXBuildFile; fileRef = 30E5C4302BC469DA0032D7B3 /* StringUtils.swift */; };
		30E5C4462BC469DA0032D7B3 /* PanGestureRecognizer.swift in Sources */ = {isa = PBXBuildFile; fileRef = 30E5C4312BC469DA0032D7B3 /* PanGestureRecognizer.swift */; };
		30E5C4472BC469DA0032D7B3 /* Animator.swift in Sources */ = {isa = PBXBuildFile; fileRef = 30E5C4322BC469DA0032D7B3 /* Animator.swift */; };
		30E5C4482BC469DA0032D7B3 /* CGPoint+Extensions.swift in Sources */ = {isa = PBXBuildFile; fileRef = 30E5C4332BC469DA0032D7B3 /* CGPoint+Extensions.swift */; };
		30E5C4492BC469DA0032D7B3 /* TapGestureRecognizer.swift in Sources */ = {isa = PBXBuildFile; fileRef = 30E5C4342BC469DA0032D7B3 /* TapGestureRecognizer.swift */; };
		30E5C44A2BC469DA0032D7B3 /* SwipeDirection.swift in Sources */ = {isa = PBXBuildFile; fileRef = 30E5C4352BC469DA0032D7B3 /* SwipeDirection.swift */; };
		30E5C44B2BC469DA0032D7B3 /* SwipeCardStackDataSource.swift in Sources */ = {isa = PBXBuildFile; fileRef = 30E5C4372BC469DA0032D7B3 /* SwipeCardStackDataSource.swift */; };
		30E5C44C2BC469DA0032D7B3 /* CardStackAnimationOptions.swift in Sources */ = {isa = PBXBuildFile; fileRef = 30E5C4382BC469DA0032D7B3 /* CardStackAnimationOptions.swift */; };
		30E5C44D2BC469DA0032D7B3 /* CardStackAnimator.swift in Sources */ = {isa = PBXBuildFile; fileRef = 30E5C4392BC469DA0032D7B3 /* CardStackAnimator.swift */; };
		30E5C44E2BC469DA0032D7B3 /* SwipeCardStack.swift in Sources */ = {isa = PBXBuildFile; fileRef = 30E5C43A2BC469DA0032D7B3 /* SwipeCardStack.swift */; };
		30E5C44F2BC469DA0032D7B3 /* SwipeCardStackDelegate.swift in Sources */ = {isa = PBXBuildFile; fileRef = 30E5C43B2BC469DA0032D7B3 /* SwipeCardStackDelegate.swift */; };
		30E5C4502BC469DA0032D7B3 /* CardStackStateManager.swift in Sources */ = {isa = PBXBuildFile; fileRef = 30E5C43C2BC469DA0032D7B3 /* CardStackStateManager.swift */; };
/* End PBXBuildFile section */

/* Begin PBXContainerItemProxy section */
		3072C84B2BBFFB9D00381BDF /* PBXContainerItemProxy */ = {
			isa = PBXContainerItemProxy;
			containerPortal = 3072C82C2BBFFB9B00381BDF /* Project object */;
			proxyType = 1;
			remoteGlobalIDString = 3072C8332BBFFB9C00381BDF;
			remoteInfo = hebrew;
		};
		3072C8552BBFFB9D00381BDF /* PBXContainerItemProxy */ = {
			isa = PBXContainerItemProxy;
			containerPortal = 3072C82C2BBFFB9B00381BDF /* Project object */;
			proxyType = 1;
			remoteGlobalIDString = 3072C8332BBFFB9C00381BDF;
			remoteInfo = hebrew;
		};
/* End PBXContainerItemProxy section */

/* Begin PBXFileReference section */
		302E39122BC92B2A00639007 /* SettingsCellView.swift */ = {isa = PBXFileReference; lastKnownFileType = sourcecode.swift; path = SettingsCellView.swift; sourceTree = "<group>"; };
		302E39172BC9A49000639007 /* SoundManager.swift */ = {isa = PBXFileReference; lastKnownFileType = sourcecode.swift; path = SoundManager.swift; sourceTree = "<group>"; };
		303362822BC6B28300A2ECE9 /* CardTimerView.swift */ = {isa = PBXFileReference; lastKnownFileType = sourcecode.swift; path = CardTimerView.swift; sourceTree = "<group>"; };
		303D46A22BC2BF5E00A57E09 /* UISearchBar+Extensions.swift */ = {isa = PBXFileReference; lastKnownFileType = sourcecode.swift; path = "UISearchBar+Extensions.swift"; sourceTree = "<group>"; };
		303D46A52BC2EDFB00A57E09 /* BookmarkManager.swift */ = {isa = PBXFileReference; lastKnownFileType = sourcecode.swift; path = BookmarkManager.swift; sourceTree = "<group>"; };
		303D46A72BC3235200A57E09 /* ExploreItemView.swift */ = {isa = PBXFileReference; lastKnownFileType = sourcecode.swift; path = ExploreItemView.swift; sourceTree = "<group>"; };
		3044557B2BCC400500B52FCD /* OnboardingCoordinator.swift */ = {isa = PBXFileReference; fileEncoding = 4; lastKnownFileType = sourcecode.swift; path = OnboardingCoordinator.swift; sourceTree = "<group>"; };
		3044557C2BCC400500B52FCD /* OnboardingViewController.swift */ = {isa = PBXFileReference; fileEncoding = 4; lastKnownFileType = sourcecode.swift; path = OnboardingViewController.swift; sourceTree = "<group>"; };
		3044557E2BCC400500B52FCD /* OnboardingView.swift */ = {isa = PBXFileReference; fileEncoding = 4; lastKnownFileType = sourcecode.swift; path = OnboardingView.swift; sourceTree = "<group>"; };
		304455832BCC5CA600B52FCD /* RobotoSlabRegular.ttf */ = {isa = PBXFileReference; lastKnownFileType = file; path = RobotoSlabRegular.ttf; sourceTree = "<group>"; };
		304455842BCC5CA600B52FCD /* RobotoSlabMedium.ttf */ = {isa = PBXFileReference; lastKnownFileType = file; path = RobotoSlabMedium.ttf; sourceTree = "<group>"; };
		304455872BCC5E9A00B52FCD /* UIFont+Extensions.swift */ = {isa = PBXFileReference; lastKnownFileType = sourcecode.swift; path = "UIFont+Extensions.swift"; sourceTree = "<group>"; };
		30493F542BC5C8EC001BB2AF /* ru */ = {isa = PBXFileReference; lastKnownFileType = text.plist.strings; name = ru; path = ru.lproj/LaunchScreen.strings; sourceTree = "<group>"; };
		30493F592BC5C937001BB2AF /* en */ = {isa = PBXFileReference; lastKnownFileType = text.plist.strings; name = en; path = en.lproj/Localizable.strings; sourceTree = "<group>"; };
		30493F5B2BC5C93B001BB2AF /* ru */ = {isa = PBXFileReference; lastKnownFileType = text.plist.strings; name = ru; path = ru.lproj/Localizable.strings; sourceTree = "<group>"; };
		305479AA2BCF1AB5000A6797 /* GoogleService-Info.plist */ = {isa = PBXFileReference; fileEncoding = 4; lastKnownFileType = text.plist.xml; path = "GoogleService-Info.plist"; sourceTree = "<group>"; };
		3072C8342BBFFB9C00381BDF /* Talmideo.app */ = {isa = PBXFileReference; explicitFileType = wrapper.application; includeInIndex = 0; path = Talmideo.app; sourceTree = BUILT_PRODUCTS_DIR; };
		3072C8372BBFFB9C00381BDF /* AppDelegate.swift */ = {isa = PBXFileReference; lastKnownFileType = sourcecode.swift; path = AppDelegate.swift; sourceTree = "<group>"; };
		3072C8392BBFFB9C00381BDF /* SceneDelegate.swift */ = {isa = PBXFileReference; lastKnownFileType = sourcecode.swift; path = SceneDelegate.swift; sourceTree = "<group>"; };
		3072C83B2BBFFB9C00381BDF /* SearchViewController.swift */ = {isa = PBXFileReference; lastKnownFileType = sourcecode.swift; path = SearchViewController.swift; sourceTree = "<group>"; };
		3072C8402BBFFB9D00381BDF /* Assets.xcassets */ = {isa = PBXFileReference; lastKnownFileType = folder.assetcatalog; path = Assets.xcassets; sourceTree = "<group>"; };
		3072C8432BBFFB9D00381BDF /* Base */ = {isa = PBXFileReference; lastKnownFileType = file.storyboard; name = Base; path = Base.lproj/LaunchScreen.storyboard; sourceTree = "<group>"; };
		3072C8452BBFFB9D00381BDF /* Info.plist */ = {isa = PBXFileReference; lastKnownFileType = text.plist.xml; path = Info.plist; sourceTree = "<group>"; };
		3072C84A2BBFFB9D00381BDF /* TalmideoTests.xctest */ = {isa = PBXFileReference; explicitFileType = wrapper.cfbundle; includeInIndex = 0; path = TalmideoTests.xctest; sourceTree = BUILT_PRODUCTS_DIR; };
		3072C84E2BBFFB9D00381BDF /* talmideoTests.swift */ = {isa = PBXFileReference; lastKnownFileType = sourcecode.swift; path = talmideoTests.swift; sourceTree = "<group>"; };
		3072C8542BBFFB9D00381BDF /* TalmideoUITests.xctest */ = {isa = PBXFileReference; explicitFileType = wrapper.cfbundle; includeInIndex = 0; path = TalmideoUITests.xctest; sourceTree = BUILT_PRODUCTS_DIR; };
		3072C8582BBFFB9D00381BDF /* talmideoUITests.swift */ = {isa = PBXFileReference; lastKnownFileType = sourcecode.swift; path = talmideoUITests.swift; sourceTree = "<group>"; };
		3072C85A2BBFFB9D00381BDF /* talmideoUITestsLaunchTests.swift */ = {isa = PBXFileReference; lastKnownFileType = sourcecode.swift; path = talmideoUITestsLaunchTests.swift; sourceTree = "<group>"; };
		3072C86E2BBFFFA600381BDF /* NetworkService.swift */ = {isa = PBXFileReference; fileEncoding = 4; lastKnownFileType = sourcecode.swift; path = NetworkService.swift; sourceTree = "<group>"; };
		3072C8732BBFFFA600381BDF /* Router.swift */ = {isa = PBXFileReference; fileEncoding = 4; lastKnownFileType = sourcecode.swift; path = Router.swift; sourceTree = "<group>"; };
		3072C8742BBFFFA600381BDF /* Route.swift */ = {isa = PBXFileReference; fileEncoding = 4; lastKnownFileType = sourcecode.swift; path = Route.swift; sourceTree = "<group>"; };
		3072C87C2BBFFFB600381BDF /* CombineUtils.swift */ = {isa = PBXFileReference; fileEncoding = 4; lastKnownFileType = sourcecode.swift; path = CombineUtils.swift; sourceTree = "<group>"; };
		3072C87F2BBFFFC100381BDF /* Int+Extensions.swift */ = {isa = PBXFileReference; fileEncoding = 4; lastKnownFileType = sourcecode.swift; path = "Int+Extensions.swift"; sourceTree = "<group>"; };
		3072C8802BBFFFC100381BDF /* UIViewController+Extensions.swift */ = {isa = PBXFileReference; fileEncoding = 4; lastKnownFileType = sourcecode.swift; path = "UIViewController+Extensions.swift"; sourceTree = "<group>"; };
		3072C8812BBFFFC100381BDF /* String+Extensions.swift */ = {isa = PBXFileReference; fileEncoding = 4; lastKnownFileType = sourcecode.swift; path = "String+Extensions.swift"; sourceTree = "<group>"; };
		3072C8822BBFFFC100381BDF /* UIView+Extension.swift */ = {isa = PBXFileReference; fileEncoding = 4; lastKnownFileType = sourcecode.swift; path = "UIView+Extension.swift"; sourceTree = "<group>"; };
		3072C8832BBFFFC100381BDF /* UIColor+Extensions.swift */ = {isa = PBXFileReference; fileEncoding = 4; lastKnownFileType = sourcecode.swift; path = "UIColor+Extensions.swift"; sourceTree = "<group>"; };
		3072C8842BBFFFC100381BDF /* Encodable+Extensions.swift */ = {isa = PBXFileReference; fileEncoding = 4; lastKnownFileType = sourcecode.swift; path = "Encodable+Extensions.swift"; sourceTree = "<group>"; };
		3072C8852BBFFFC100381BDF /* UIStackView+Extension.swift */ = {isa = PBXFileReference; fileEncoding = 4; lastKnownFileType = sourcecode.swift; path = "UIStackView+Extension.swift"; sourceTree = "<group>"; };
		3072C8862BBFFFC100381BDF /* UserDefaults+Extension.swift */ = {isa = PBXFileReference; fileEncoding = 4; lastKnownFileType = sourcecode.swift; path = "UserDefaults+Extension.swift"; sourceTree = "<group>"; };
		3072C8872BBFFFC100381BDF /* Float+Extensions.swift */ = {isa = PBXFileReference; fileEncoding = 4; lastKnownFileType = sourcecode.swift; path = "Float+Extensions.swift"; sourceTree = "<group>"; };
		3072C8882BBFFFC100381BDF /* Comparable+Extensions.swift */ = {isa = PBXFileReference; fileEncoding = 4; lastKnownFileType = sourcecode.swift; path = "Comparable+Extensions.swift"; sourceTree = "<group>"; };
		3072C8952BBFFFC700381BDF /* Localized.swift */ = {isa = PBXFileReference; fileEncoding = 4; lastKnownFileType = sourcecode.swift; path = Localized.swift; sourceTree = "<group>"; };
		3072C8962BBFFFC700381BDF /* Constants.swift */ = {isa = PBXFileReference; fileEncoding = 4; lastKnownFileType = sourcecode.swift; path = Constants.swift; sourceTree = "<group>"; };
		3072C8972BBFFFC700381BDF /* Colors.swift */ = {isa = PBXFileReference; fileEncoding = 4; lastKnownFileType = sourcecode.swift; path = Colors.swift; sourceTree = "<group>"; };
		3072C8A02BC0007100381BDF /* BaseViewController.swift */ = {isa = PBXFileReference; fileEncoding = 4; lastKnownFileType = sourcecode.swift; path = BaseViewController.swift; sourceTree = "<group>"; };
		3072C8A22BC0049000381BDF /* index.db */ = {isa = PBXFileReference; lastKnownFileType = file; path = index.db; sourceTree = "<group>"; };
		3072C8A42BC0049B00381BDF /* database.db */ = {isa = PBXFileReference; lastKnownFileType = file; path = database.db; sourceTree = "<group>"; };
		3072D6BF2BC0071600381BDF /* Coordinatable.swift */ = {isa = PBXFileReference; fileEncoding = 4; lastKnownFileType = sourcecode.swift; path = Coordinatable.swift; sourceTree = "<group>"; };
		3072D6C02BC0071600381BDF /* AnyCoordinator.swift */ = {isa = PBXFileReference; fileEncoding = 4; lastKnownFileType = sourcecode.swift; path = AnyCoordinator.swift; sourceTree = "<group>"; };
		3072D6C12BC0071600381BDF /* MappedCoordinator.swift */ = {isa = PBXFileReference; fileEncoding = 4; lastKnownFileType = sourcecode.swift; path = MappedCoordinator.swift; sourceTree = "<group>"; };
		3072D6C22BC0071600381BDF /* Coordinator.swift */ = {isa = PBXFileReference; fileEncoding = 4; lastKnownFileType = sourcecode.swift; path = Coordinator.swift; sourceTree = "<group>"; };
		3072D6C82BC007CD00381BDF /* TalmideoCoordinator.swift */ = {isa = PBXFileReference; lastKnownFileType = sourcecode.swift; path = TalmideoCoordinator.swift; sourceTree = "<group>"; };
		3072D6CB2BC008DC00381BDF /* CombineAsyncStreamBridge.swift */ = {isa = PBXFileReference; fileEncoding = 4; lastKnownFileType = sourcecode.swift; path = CombineAsyncStreamBridge.swift; sourceTree = "<group>"; };
		3072D6CC2BC008DC00381BDF /* Publisher+SingleOutput.swift */ = {isa = PBXFileReference; fileEncoding = 4; lastKnownFileType = sourcecode.swift; path = "Publisher+SingleOutput.swift"; sourceTree = "<group>"; };
		3072D6D02BC00D3500381BDF /* SQLiteDataDatabase.swift */ = {isa = PBXFileReference; fileEncoding = 4; lastKnownFileType = sourcecode.swift; path = SQLiteDataDatabase.swift; sourceTree = "<group>"; };
		3072D6D32BC0168800381BDF /* SearchWordModel.swift */ = {isa = PBXFileReference; lastKnownFileType = sourcecode.swift; path = SearchWordModel.swift; sourceTree = "<group>"; };
		3072D6D62BC02ADC00381BDF /* SearchHeaderView.swift */ = {isa = PBXFileReference; lastKnownFileType = sourcecode.swift; path = SearchHeaderView.swift; sourceTree = "<group>"; };
		3072D6DA2BC0339800381BDF /* SearchCoordinator.swift */ = {isa = PBXFileReference; lastKnownFileType = sourcecode.swift; path = SearchCoordinator.swift; sourceTree = "<group>"; };
		3072D6DD2BC037CE00381BDF /* SearchViewModel.swift */ = {isa = PBXFileReference; lastKnownFileType = sourcecode.swift; path = SearchViewModel.swift; sourceTree = "<group>"; };
		3072D6DF2BC03C3400381BDF /* SearchCellView.swift */ = {isa = PBXFileReference; lastKnownFileType = sourcecode.swift; path = SearchCellView.swift; sourceTree = "<group>"; };
		3072D6E22BC03C8400381BDF /* SearchListView.swift */ = {isa = PBXFileReference; lastKnownFileType = sourcecode.swift; path = SearchListView.swift; sourceTree = "<group>"; };
		3072D6E42BC060B600381BDF /* TabViewController.swift */ = {isa = PBXFileReference; lastKnownFileType = sourcecode.swift; path = TabViewController.swift; sourceTree = "<group>"; };
		3072D6E92BC06A7C00381BDF /* SettingsCoordinator.swift */ = {isa = PBXFileReference; lastKnownFileType = sourcecode.swift; path = SettingsCoordinator.swift; sourceTree = "<group>"; };
		3072D6EB2BC06AC900381BDF /* SettingsViewController.swift */ = {isa = PBXFileReference; lastKnownFileType = sourcecode.swift; path = SettingsViewController.swift; sourceTree = "<group>"; };
		3072D6F02BC0779E00381BDF /* ExploreViewController.swift */ = {isa = PBXFileReference; lastKnownFileType = sourcecode.swift; path = ExploreViewController.swift; sourceTree = "<group>"; };
		3072D6F22BC077AB00381BDF /* ExploreCoordinator.swift */ = {isa = PBXFileReference; lastKnownFileType = sourcecode.swift; path = ExploreCoordinator.swift; sourceTree = "<group>"; };
		3072D6F72BC078AF00381BDF /* WordCoordinator.swift */ = {isa = PBXFileReference; lastKnownFileType = sourcecode.swift; path = WordCoordinator.swift; sourceTree = "<group>"; };
		3072D6F92BC078BC00381BDF /* WordViewController.swift */ = {isa = PBXFileReference; lastKnownFileType = sourcecode.swift; path = WordViewController.swift; sourceTree = "<group>"; };
		3072D6FB2BC0899000381BDF /* WordModel.swift */ = {isa = PBXFileReference; lastKnownFileType = sourcecode.swift; path = WordModel.swift; sourceTree = "<group>"; };
		3072D6FD2BC133B100381BDF /* WordHeaderView.swift */ = {isa = PBXFileReference; lastKnownFileType = sourcecode.swift; path = WordHeaderView.swift; sourceTree = "<group>"; };
		3072D6FF2BC18B2800381BDF /* WordDataView.swift */ = {isa = PBXFileReference; lastKnownFileType = sourcecode.swift; path = WordDataView.swift; sourceTree = "<group>"; };
		3072D7012BC1ACD000381BDF /* WordDataRowView.swift */ = {isa = PBXFileReference; lastKnownFileType = sourcecode.swift; path = WordDataRowView.swift; sourceTree = "<group>"; };
		3086DA612BCA8EB200779F98 /* cardSwipeCalm.mp3 */ = {isa = PBXFileReference; lastKnownFileType = audio.mp3; path = cardSwipeCalm.mp3; sourceTree = "<group>"; };
		3086DA642BCA93A000779F98 /* NotificationManger.swift */ = {isa = PBXFileReference; lastKnownFileType = sourcecode.swift; path = NotificationManger.swift; sourceTree = "<group>"; };
		30BD50912BD27C0E008C2D01 /* Analytics.swift */ = {isa = PBXFileReference; lastKnownFileType = sourcecode.swift; path = Analytics.swift; sourceTree = "<group>"; };
		30E5C0A12BC4176B0032D7B3 /* UIButton+Extensions.swift */ = {isa = PBXFileReference; lastKnownFileType = sourcecode.swift; path = "UIButton+Extensions.swift"; sourceTree = "<group>"; };
		30E5C41C2BC41E7D0032D7B3 /* CardViewController.swift */ = {isa = PBXFileReference; lastKnownFileType = sourcecode.swift; path = CardViewController.swift; sourceTree = "<group>"; };
		30E5C41E2BC41E9B0032D7B3 /* CardCoordinator.swift */ = {isa = PBXFileReference; lastKnownFileType = sourcecode.swift; path = CardCoordinator.swift; sourceTree = "<group>"; };
		30E5C4232BC427320032D7B3 /* CardOverlayView.swift */ = {isa = PBXFileReference; lastKnownFileType = sourcecode.swift; path = CardOverlayView.swift; sourceTree = "<group>"; };
		30E5C4272BC469DA0032D7B3 /* CardAnimationOptions.swift */ = {isa = PBXFileReference; fileEncoding = 4; lastKnownFileType = sourcecode.swift; path = CardAnimationOptions.swift; sourceTree = "<group>"; };
		30E5C4282BC469DA0032D7B3 /* SwipeView.swift */ = {isa = PBXFileReference; fileEncoding = 4; lastKnownFileType = sourcecode.swift; path = SwipeView.swift; sourceTree = "<group>"; };
		30E5C4292BC469DA0032D7B3 /* CardAnimator.swift */ = {isa = PBXFileReference; fileEncoding = 4; lastKnownFileType = sourcecode.swift; path = CardAnimator.swift; sourceTree = "<group>"; };
		30E5C42A2BC469DA0032D7B3 /* SwipeCardDelegate.swift */ = {isa = PBXFileReference; fileEncoding = 4; lastKnownFileType = sourcecode.swift; path = SwipeCardDelegate.swift; sourceTree = "<group>"; };
		30E5C42B2BC469DA0032D7B3 /* SwipeCard.swift */ = {isa = PBXFileReference; fileEncoding = 4; lastKnownFileType = sourcecode.swift; path = SwipeCard.swift; sourceTree = "<group>"; };
		30E5C42D2BC469DA0032D7B3 /* Array+Extensions.swift */ = {isa = PBXFileReference; fileEncoding = 4; lastKnownFileType = sourcecode.swift; path = "Array+Extensions.swift"; sourceTree = "<group>"; };
		30E5C42E2BC469DA0032D7B3 /* CGVector+Extensions.swift */ = {isa = PBXFileReference; fileEncoding = 4; lastKnownFileType = sourcecode.swift; path = "CGVector+Extensions.swift"; sourceTree = "<group>"; };
		30E5C42F2BC469DA0032D7B3 /* UIView+Extensions.swift */ = {isa = PBXFileReference; fileEncoding = 4; lastKnownFileType = sourcecode.swift; path = "UIView+Extensions.swift"; sourceTree = "<group>"; };
		30E5C4302BC469DA0032D7B3 /* StringUtils.swift */ = {isa = PBXFileReference; fileEncoding = 4; lastKnownFileType = sourcecode.swift; path = StringUtils.swift; sourceTree = "<group>"; };
		30E5C4312BC469DA0032D7B3 /* PanGestureRecognizer.swift */ = {isa = PBXFileReference; fileEncoding = 4; lastKnownFileType = sourcecode.swift; path = PanGestureRecognizer.swift; sourceTree = "<group>"; };
		30E5C4322BC469DA0032D7B3 /* Animator.swift */ = {isa = PBXFileReference; fileEncoding = 4; lastKnownFileType = sourcecode.swift; path = Animator.swift; sourceTree = "<group>"; };
		30E5C4332BC469DA0032D7B3 /* CGPoint+Extensions.swift */ = {isa = PBXFileReference; fileEncoding = 4; lastKnownFileType = sourcecode.swift; path = "CGPoint+Extensions.swift"; sourceTree = "<group>"; };
		30E5C4342BC469DA0032D7B3 /* TapGestureRecognizer.swift */ = {isa = PBXFileReference; fileEncoding = 4; lastKnownFileType = sourcecode.swift; path = TapGestureRecognizer.swift; sourceTree = "<group>"; };
		30E5C4352BC469DA0032D7B3 /* SwipeDirection.swift */ = {isa = PBXFileReference; fileEncoding = 4; lastKnownFileType = sourcecode.swift; path = SwipeDirection.swift; sourceTree = "<group>"; };
		30E5C4372BC469DA0032D7B3 /* SwipeCardStackDataSource.swift */ = {isa = PBXFileReference; fileEncoding = 4; lastKnownFileType = sourcecode.swift; path = SwipeCardStackDataSource.swift; sourceTree = "<group>"; };
		30E5C4382BC469DA0032D7B3 /* CardStackAnimationOptions.swift */ = {isa = PBXFileReference; fileEncoding = 4; lastKnownFileType = sourcecode.swift; path = CardStackAnimationOptions.swift; sourceTree = "<group>"; };
		30E5C4392BC469DA0032D7B3 /* CardStackAnimator.swift */ = {isa = PBXFileReference; fileEncoding = 4; lastKnownFileType = sourcecode.swift; path = CardStackAnimator.swift; sourceTree = "<group>"; };
		30E5C43A2BC469DA0032D7B3 /* SwipeCardStack.swift */ = {isa = PBXFileReference; fileEncoding = 4; lastKnownFileType = sourcecode.swift; path = SwipeCardStack.swift; sourceTree = "<group>"; };
		30E5C43B2BC469DA0032D7B3 /* SwipeCardStackDelegate.swift */ = {isa = PBXFileReference; fileEncoding = 4; lastKnownFileType = sourcecode.swift; path = SwipeCardStackDelegate.swift; sourceTree = "<group>"; };
		30E5C43C2BC469DA0032D7B3 /* CardStackStateManager.swift */ = {isa = PBXFileReference; fileEncoding = 4; lastKnownFileType = sourcecode.swift; path = CardStackStateManager.swift; sourceTree = "<group>"; };
/* End PBXFileReference section */

/* Begin PBXFrameworksBuildPhase section */
		3072C8312BBFFB9C00381BDF /* Frameworks */ = {
			isa = PBXFrameworksBuildPhase;
			buildActionMask = 2147483647;
			files = (
				305479A92BCF198B000A6797 /* FirebaseAnalytics in Frameworks */,
			);
			runOnlyForDeploymentPostprocessing = 0;
		};
		3072C8472BBFFB9D00381BDF /* Frameworks */ = {
			isa = PBXFrameworksBuildPhase;
			buildActionMask = 2147483647;
			files = (
			);
			runOnlyForDeploymentPostprocessing = 0;
		};
		3072C8512BBFFB9D00381BDF /* Frameworks */ = {
			isa = PBXFrameworksBuildPhase;
			buildActionMask = 2147483647;
			files = (
			);
			runOnlyForDeploymentPostprocessing = 0;
		};
/* End PBXFrameworksBuildPhase section */

/* Begin PBXGroup section */
		302E39142BC98E6B00639007 /* Card */ = {
			isa = PBXGroup;
			children = (
				302E39162BC98E7700639007 /* Coordinator */,
				302E39152BC98E7200639007 /* Views */,
				30E5C41C2BC41E7D0032D7B3 /* CardViewController.swift */,
			);
			path = Card;
			sourceTree = "<group>";
		};
		302E39152BC98E7200639007 /* Views */ = {
			isa = PBXGroup;
			children = (
				30E5C4232BC427320032D7B3 /* CardOverlayView.swift */,
				303362822BC6B28300A2ECE9 /* CardTimerView.swift */,
			);
			path = Views;
			sourceTree = "<group>";
		};
		302E39162BC98E7700639007 /* Coordinator */ = {
			isa = PBXGroup;
			children = (
				30E5C41E2BC41E9B0032D7B3 /* CardCoordinator.swift */,
			);
			path = Coordinator;
			sourceTree = "<group>";
		};
		303D46A42BC2EDEA00A57E09 /* Bookmarks */ = {
			isa = PBXGroup;
			children = (
				303D46A52BC2EDFB00A57E09 /* BookmarkManager.swift */,
			);
			path = Bookmarks;
			sourceTree = "<group>";
		};
		304455792BCC400500B52FCD /* Onboarding */ = {
			isa = PBXGroup;
			children = (
				3044557A2BCC400500B52FCD /* Coordinator */,
				3044557C2BCC400500B52FCD /* OnboardingViewController.swift */,
				3044557D2BCC400500B52FCD /* Views */,
			);
			path = Onboarding;
			sourceTree = "<group>";
		};
		3044557A2BCC400500B52FCD /* Coordinator */ = {
			isa = PBXGroup;
			children = (
				3044557B2BCC400500B52FCD /* OnboardingCoordinator.swift */,
			);
			path = Coordinator;
			sourceTree = "<group>";
		};
		3044557D2BCC400500B52FCD /* Views */ = {
			isa = PBXGroup;
			children = (
				3044557E2BCC400500B52FCD /* OnboardingView.swift */,
			);
			path = Views;
			sourceTree = "<group>";
		};
		304455822BCC5C9400B52FCD /* Fonts */ = {
			isa = PBXGroup;
			children = (
				304455842BCC5CA600B52FCD /* RobotoSlabMedium.ttf */,
				304455832BCC5CA600B52FCD /* RobotoSlabRegular.ttf */,
			);
			path = Fonts;
			sourceTree = "<group>";
		};
		30493F552BC5C912001BB2AF /* Common */ = {
			isa = PBXGroup;
			children = (
				30493F5A2BC5C937001BB2AF /* Localizable.strings */,
			);
			path = Common;
			sourceTree = "<group>";
		};
		3072C82B2BBFFB9B00381BDF = {
			isa = PBXGroup;
			children = (
				3072C8362BBFFB9C00381BDF /* App */,
				3072C84D2BBFFB9D00381BDF /* TalmideoTests */,
				3072C8572BBFFB9D00381BDF /* TalmideoUITests */,
				3072C8352BBFFB9C00381BDF /* Products */,
			);
			sourceTree = "<group>";
		};
		3072C8352BBFFB9C00381BDF /* Products */ = {
			isa = PBXGroup;
			children = (
				3072C8342BBFFB9C00381BDF /* Talmideo.app */,
				3072C84A2BBFFB9D00381BDF /* TalmideoTests.xctest */,
				3072C8542BBFFB9D00381BDF /* TalmideoUITests.xctest */,
			);
			name = Products;
			sourceTree = "<group>";
		};
		3072C8362BBFFB9C00381BDF /* App */ = {
			isa = PBXGroup;
			children = (
				3072C8672BBFFF2100381BDF /* Resources */,
				3072C8682BBFFF2800381BDF /* Sources */,
			);
			path = App;
			sourceTree = "<group>";
		};
		3072C84D2BBFFB9D00381BDF /* TalmideoTests */ = {
			isa = PBXGroup;
			children = (
				3072C84E2BBFFB9D00381BDF /* talmideoTests.swift */,
			);
			path = TalmideoTests;
			sourceTree = "<group>";
		};
		3072C8572BBFFB9D00381BDF /* TalmideoUITests */ = {
			isa = PBXGroup;
			children = (
				3072C8582BBFFB9D00381BDF /* talmideoUITests.swift */,
				3072C85A2BBFFB9D00381BDF /* talmideoUITestsLaunchTests.swift */,
			);
			path = TalmideoUITests;
			sourceTree = "<group>";
		};
		3072C8672BBFFF2100381BDF /* Resources */ = {
			isa = PBXGroup;
			children = (
				304455822BCC5C9400B52FCD /* Fonts */,
				30493F552BC5C912001BB2AF /* Common */,
				3072C8A42BC0049B00381BDF /* database.db */,
				3072C8A22BC0049000381BDF /* index.db */,
				3072C8402BBFFB9D00381BDF /* Assets.xcassets */,
				3072C8422BBFFB9D00381BDF /* LaunchScreen.storyboard */,
				3072C8452BBFFB9D00381BDF /* Info.plist */,
				305479AA2BCF1AB5000A6797 /* GoogleService-Info.plist */,
				3086DA612BCA8EB200779F98 /* cardSwipeCalm.mp3 */,
			);
			path = Resources;
			sourceTree = "<group>";
		};
		3072C8682BBFFF2800381BDF /* Sources */ = {
			isa = PBXGroup;
			children = (
				3072D6D22BC0166D00381BDF /* Model */,
				3072D6C72BC007B400381BDF /* Coordinator */,
				3072C89E2BC0006A00381BDF /* UI */,
				3072C8932BBFFFC700381BDF /* Constants */,
				3072C87E2BBFFFC100381BDF /* Extensions */,
				3072C87B2BBFFFB600381BDF /* Utils */,
				3072C86A2BBFFFA600381BDF /* Services */,
				3072C8692BBFFF6800381BDF /* Delegate */,
			);
			path = Sources;
			sourceTree = "<group>";
		};
		3072C8692BBFFF6800381BDF /* Delegate */ = {
			isa = PBXGroup;
			children = (
				3072C8372BBFFB9C00381BDF /* AppDelegate.swift */,
				3072C8392BBFFB9C00381BDF /* SceneDelegate.swift */,
			);
			path = Delegate;
			sourceTree = "<group>";
		};
		3072C86A2BBFFFA600381BDF /* Services */ = {
			isa = PBXGroup;
			children = (
				30BD50902BD27C00008C2D01 /* Analytics */,
				3086DA632BCA939000779F98 /* Notifications */,
				30E5C4252BC469C20032D7B3 /* Shuffle */,
				303D46A42BC2EDEA00A57E09 /* Bookmarks */,
				3072D6CF2BC00C6400381BDF /* Database */,
				3072C86D2BBFFFA600381BDF /* Network */,
				3072C8722BBFFFA600381BDF /* Router */,
			);
			path = Services;
			sourceTree = "<group>";
		};
		3072C86D2BBFFFA600381BDF /* Network */ = {
			isa = PBXGroup;
			children = (
				3072C86E2BBFFFA600381BDF /* NetworkService.swift */,
			);
			path = Network;
			sourceTree = "<group>";
		};
		3072C8722BBFFFA600381BDF /* Router */ = {
			isa = PBXGroup;
			children = (
				3072C8732BBFFFA600381BDF /* Router.swift */,
				3072C8742BBFFFA600381BDF /* Route.swift */,
			);
			path = Router;
			sourceTree = "<group>";
		};
		3072C87B2BBFFFB600381BDF /* Utils */ = {
			isa = PBXGroup;
			children = (
				3072D6CA2BC008DC00381BDF /* CombineAsyncAwaitBridging */,
				3072D6BE2BC0071600381BDF /* Coordinator */,
				3072C87C2BBFFFB600381BDF /* CombineUtils.swift */,
				302E39172BC9A49000639007 /* SoundManager.swift */,
			);
			path = Utils;
			sourceTree = "<group>";
		};
		3072C87E2BBFFFC100381BDF /* Extensions */ = {
			isa = PBXGroup;
			children = (
				3072C87F2BBFFFC100381BDF /* Int+Extensions.swift */,
				3072C8802BBFFFC100381BDF /* UIViewController+Extensions.swift */,
				3072C8812BBFFFC100381BDF /* String+Extensions.swift */,
				3072C8822BBFFFC100381BDF /* UIView+Extension.swift */,
				3072C8832BBFFFC100381BDF /* UIColor+Extensions.swift */,
				3072C8842BBFFFC100381BDF /* Encodable+Extensions.swift */,
				3072C8852BBFFFC100381BDF /* UIStackView+Extension.swift */,
				3072C8862BBFFFC100381BDF /* UserDefaults+Extension.swift */,
				3072C8872BBFFFC100381BDF /* Float+Extensions.swift */,
				3072C8882BBFFFC100381BDF /* Comparable+Extensions.swift */,
				303D46A22BC2BF5E00A57E09 /* UISearchBar+Extensions.swift */,
				30E5C0A12BC4176B0032D7B3 /* UIButton+Extensions.swift */,
				304455872BCC5E9A00B52FCD /* UIFont+Extensions.swift */,
			);
			path = Extensions;
			sourceTree = "<group>";
		};
		3072C8932BBFFFC700381BDF /* Constants */ = {
			isa = PBXGroup;
			children = (
				3072C8952BBFFFC700381BDF /* Localized.swift */,
				3072C8962BBFFFC700381BDF /* Constants.swift */,
				3072C8972BBFFFC700381BDF /* Colors.swift */,
			);
			path = Constants;
			sourceTree = "<group>";
		};
		3072C89E2BC0006A00381BDF /* UI */ = {
			isa = PBXGroup;
			children = (
				304455792BCC400500B52FCD /* Onboarding */,
				302E39142BC98E6B00639007 /* Card */,
				3072D6F42BC0788600381BDF /* Word */,
				3072D6ED2BC0777400381BDF /* Explore */,
				3072D6E62BC06A5500381BDF /* Settings */,
				3072D6D82BC0336800381BDF /* Search */,
				3072C89F2BC0007100381BDF /* Base */,
				3072D6E42BC060B600381BDF /* TabViewController.swift */,
			);
			path = UI;
			sourceTree = "<group>";
		};
		3072C89F2BC0007100381BDF /* Base */ = {
			isa = PBXGroup;
			children = (
				3072C8A02BC0007100381BDF /* BaseViewController.swift */,
			);
			path = Base;
			sourceTree = "<group>";
		};
		3072D6BE2BC0071600381BDF /* Coordinator */ = {
			isa = PBXGroup;
			children = (
				3072D6BF2BC0071600381BDF /* Coordinatable.swift */,
				3072D6C02BC0071600381BDF /* AnyCoordinator.swift */,
				3072D6C12BC0071600381BDF /* MappedCoordinator.swift */,
				3072D6C22BC0071600381BDF /* Coordinator.swift */,
			);
			path = Coordinator;
			sourceTree = "<group>";
		};
		3072D6C72BC007B400381BDF /* Coordinator */ = {
			isa = PBXGroup;
			children = (
				3072D6C82BC007CD00381BDF /* TalmideoCoordinator.swift */,
			);
			path = Coordinator;
			sourceTree = "<group>";
		};
		3072D6CA2BC008DC00381BDF /* CombineAsyncAwaitBridging */ = {
			isa = PBXGroup;
			children = (
				3072D6CB2BC008DC00381BDF /* CombineAsyncStreamBridge.swift */,
				3072D6CC2BC008DC00381BDF /* Publisher+SingleOutput.swift */,
			);
			path = CombineAsyncAwaitBridging;
			sourceTree = "<group>";
		};
		3072D6CF2BC00C6400381BDF /* Database */ = {
			isa = PBXGroup;
			children = (
				3072D6D02BC00D3500381BDF /* SQLiteDataDatabase.swift */,
			);
			path = Database;
			sourceTree = "<group>";
		};
		3072D6D22BC0166D00381BDF /* Model */ = {
			isa = PBXGroup;
			children = (
				3072D6DC2BC037C000381BDF /* ViewModel */,
				3072D6D32BC0168800381BDF /* SearchWordModel.swift */,
				3072D6FB2BC0899000381BDF /* WordModel.swift */,
			);
			path = Model;
			sourceTree = "<group>";
		};
		3072D6D52BC02AC900381BDF /* Views */ = {
			isa = PBXGroup;
			children = (
				3072D6E12BC03C6D00381BDF /* Cell */,
				3072D6D62BC02ADC00381BDF /* SearchHeaderView.swift */,
				3072D6E22BC03C8400381BDF /* SearchListView.swift */,
			);
			path = Views;
			sourceTree = "<group>";
		};
		3072D6D82BC0336800381BDF /* Search */ = {
			isa = PBXGroup;
			children = (
				3072D6D92BC0337800381BDF /* Coordinator */,
				3072D6D52BC02AC900381BDF /* Views */,
				3072C83B2BBFFB9C00381BDF /* SearchViewController.swift */,
			);
			path = Search;
			sourceTree = "<group>";
		};
		3072D6D92BC0337800381BDF /* Coordinator */ = {
			isa = PBXGroup;
			children = (
				3072D6DA2BC0339800381BDF /* SearchCoordinator.swift */,
			);
			path = Coordinator;
			sourceTree = "<group>";
		};
		3072D6DC2BC037C000381BDF /* ViewModel */ = {
			isa = PBXGroup;
			children = (
				3072D6DD2BC037CE00381BDF /* SearchViewModel.swift */,
			);
			path = ViewModel;
			sourceTree = "<group>";
		};
		3072D6E12BC03C6D00381BDF /* Cell */ = {
			isa = PBXGroup;
			children = (
				3072D6DF2BC03C3400381BDF /* SearchCellView.swift */,
			);
			path = Cell;
			sourceTree = "<group>";
		};
		3072D6E62BC06A5500381BDF /* Settings */ = {
			isa = PBXGroup;
			children = (
				3072D6E72BC06A5D00381BDF /* Coordinator */,
				3072D6E82BC06A6700381BDF /* Views */,
				3072D6EB2BC06AC900381BDF /* SettingsViewController.swift */,
			);
			path = Settings;
			sourceTree = "<group>";
		};
		3072D6E72BC06A5D00381BDF /* Coordinator */ = {
			isa = PBXGroup;
			children = (
				3072D6E92BC06A7C00381BDF /* SettingsCoordinator.swift */,
			);
			path = Coordinator;
			sourceTree = "<group>";
		};
		3072D6E82BC06A6700381BDF /* Views */ = {
			isa = PBXGroup;
			children = (
				302E39122BC92B2A00639007 /* SettingsCellView.swift */,
			);
			path = Views;
			sourceTree = "<group>";
		};
		3072D6ED2BC0777400381BDF /* Explore */ = {
			isa = PBXGroup;
			children = (
				3072D6EE2BC0778000381BDF /* Coordinator */,
				3072D6EF2BC0778E00381BDF /* Views */,
				3072D6F02BC0779E00381BDF /* ExploreViewController.swift */,
			);
			path = Explore;
			sourceTree = "<group>";
		};
		3072D6EE2BC0778000381BDF /* Coordinator */ = {
			isa = PBXGroup;
			children = (
				3072D6F22BC077AB00381BDF /* ExploreCoordinator.swift */,
			);
			path = Coordinator;
			sourceTree = "<group>";
		};
		3072D6EF2BC0778E00381BDF /* Views */ = {
			isa = PBXGroup;
			children = (
				303D46A72BC3235200A57E09 /* ExploreItemView.swift */,
			);
			path = Views;
			sourceTree = "<group>";
		};
		3072D6F42BC0788600381BDF /* Word */ = {
			isa = PBXGroup;
			children = (
				3072D6F52BC0789500381BDF /* Coordinator */,
				3072D6F62BC0789D00381BDF /* Views */,
				3072D6F92BC078BC00381BDF /* WordViewController.swift */,
			);
			path = Word;
			sourceTree = "<group>";
		};
		3072D6F52BC0789500381BDF /* Coordinator */ = {
			isa = PBXGroup;
			children = (
				3072D6F72BC078AF00381BDF /* WordCoordinator.swift */,
			);
			path = Coordinator;
			sourceTree = "<group>";
		};
		3072D6F62BC0789D00381BDF /* Views */ = {
			isa = PBXGroup;
			children = (
				3072D6FD2BC133B100381BDF /* WordHeaderView.swift */,
				3072D6FF2BC18B2800381BDF /* WordDataView.swift */,
				3072D7012BC1ACD000381BDF /* WordDataRowView.swift */,
			);
			path = Views;
			sourceTree = "<group>";
		};
		3086DA632BCA939000779F98 /* Notifications */ = {
			isa = PBXGroup;
			children = (
				3086DA642BCA93A000779F98 /* NotificationManger.swift */,
			);
			path = Notifications;
			sourceTree = "<group>";
		};
		30BD50902BD27C00008C2D01 /* Analytics */ = {
			isa = PBXGroup;
			children = (
				30BD50912BD27C0E008C2D01 /* Analytics.swift */,
			);
			path = Analytics;
			sourceTree = "<group>";
		};
		30E5C4252BC469C20032D7B3 /* Shuffle */ = {
			isa = PBXGroup;
			children = (
				30E5C42C2BC469DA0032D7B3 /* Internal */,
				30E5C4262BC469DA0032D7B3 /* SwipeCard */,
				30E5C4362BC469DA0032D7B3 /* SwipeCardStack */,
				30E5C4352BC469DA0032D7B3 /* SwipeDirection.swift */,
			);
			path = Shuffle;
			sourceTree = "<group>";
		};
		30E5C4262BC469DA0032D7B3 /* SwipeCard */ = {
			isa = PBXGroup;
			children = (
				30E5C4272BC469DA0032D7B3 /* CardAnimationOptions.swift */,
				30E5C4282BC469DA0032D7B3 /* SwipeView.swift */,
				30E5C4292BC469DA0032D7B3 /* CardAnimator.swift */,
				30E5C42A2BC469DA0032D7B3 /* SwipeCardDelegate.swift */,
				30E5C42B2BC469DA0032D7B3 /* SwipeCard.swift */,
			);
			path = SwipeCard;
			sourceTree = "<group>";
		};
		30E5C42C2BC469DA0032D7B3 /* Internal */ = {
			isa = PBXGroup;
			children = (
				30E5C42D2BC469DA0032D7B3 /* Array+Extensions.swift */,
				30E5C42E2BC469DA0032D7B3 /* CGVector+Extensions.swift */,
				30E5C42F2BC469DA0032D7B3 /* UIView+Extensions.swift */,
				30E5C4302BC469DA0032D7B3 /* StringUtils.swift */,
				30E5C4312BC469DA0032D7B3 /* PanGestureRecognizer.swift */,
				30E5C4322BC469DA0032D7B3 /* Animator.swift */,
				30E5C4332BC469DA0032D7B3 /* CGPoint+Extensions.swift */,
				30E5C4342BC469DA0032D7B3 /* TapGestureRecognizer.swift */,
			);
			path = Internal;
			sourceTree = "<group>";
		};
		30E5C4362BC469DA0032D7B3 /* SwipeCardStack */ = {
			isa = PBXGroup;
			children = (
				30E5C4372BC469DA0032D7B3 /* SwipeCardStackDataSource.swift */,
				30E5C4382BC469DA0032D7B3 /* CardStackAnimationOptions.swift */,
				30E5C4392BC469DA0032D7B3 /* CardStackAnimator.swift */,
				30E5C43A2BC469DA0032D7B3 /* SwipeCardStack.swift */,
				30E5C43B2BC469DA0032D7B3 /* SwipeCardStackDelegate.swift */,
				30E5C43C2BC469DA0032D7B3 /* CardStackStateManager.swift */,
			);
			path = SwipeCardStack;
			sourceTree = "<group>";
		};
/* End PBXGroup section */

/* Begin PBXNativeTarget section */
		3072C8332BBFFB9C00381BDF /* Talmideo */ = {
			isa = PBXNativeTarget;
			buildConfigurationList = 3072C85E2BBFFB9D00381BDF /* Build configuration list for PBXNativeTarget "Talmideo" */;
			buildPhases = (
				3072C8302BBFFB9C00381BDF /* Sources */,
				3072C8312BBFFB9C00381BDF /* Frameworks */,
				3072C8322BBFFB9C00381BDF /* Resources */,
			);
			buildRules = (
			);
			dependencies = (
			);
			name = Talmideo;
			packageProductDependencies = (
				305479A82BCF198B000A6797 /* FirebaseAnalytics */,
			);
			productName = hebrew;
			productReference = 3072C8342BBFFB9C00381BDF /* Talmideo.app */;
			productType = "com.apple.product-type.application";
		};
		3072C8492BBFFB9D00381BDF /* TalmideoTests */ = {
			isa = PBXNativeTarget;
			buildConfigurationList = 3072C8612BBFFB9D00381BDF /* Build configuration list for PBXNativeTarget "TalmideoTests" */;
			buildPhases = (
				3072C8462BBFFB9D00381BDF /* Sources */,
				3072C8472BBFFB9D00381BDF /* Frameworks */,
				3072C8482BBFFB9D00381BDF /* Resources */,
			);
			buildRules = (
			);
			dependencies = (
				3072C84C2BBFFB9D00381BDF /* PBXTargetDependency */,
			);
			name = TalmideoTests;
			productName = hebrewTests;
			productReference = 3072C84A2BBFFB9D00381BDF /* TalmideoTests.xctest */;
			productType = "com.apple.product-type.bundle.unit-test";
		};
		3072C8532BBFFB9D00381BDF /* TalmideoUITests */ = {
			isa = PBXNativeTarget;
			buildConfigurationList = 3072C8642BBFFB9D00381BDF /* Build configuration list for PBXNativeTarget "TalmideoUITests" */;
			buildPhases = (
				3072C8502BBFFB9D00381BDF /* Sources */,
				3072C8512BBFFB9D00381BDF /* Frameworks */,
				3072C8522BBFFB9D00381BDF /* Resources */,
			);
			buildRules = (
			);
			dependencies = (
				3072C8562BBFFB9D00381BDF /* PBXTargetDependency */,
			);
			name = TalmideoUITests;
			productName = hebrewUITests;
			productReference = 3072C8542BBFFB9D00381BDF /* TalmideoUITests.xctest */;
			productType = "com.apple.product-type.bundle.ui-testing";
		};
/* End PBXNativeTarget section */

/* Begin PBXProject section */
		3072C82C2BBFFB9B00381BDF /* Project object */ = {
			isa = PBXProject;
			attributes = {
				BuildIndependentTargetsInParallel = 1;
				LastSwiftUpdateCheck = 1510;
				LastUpgradeCheck = 1510;
				TargetAttributes = {
					3072C8332BBFFB9C00381BDF = {
						CreatedOnToolsVersion = 15.1;
					};
					3072C8492BBFFB9D00381BDF = {
						CreatedOnToolsVersion = 15.1;
						TestTargetID = 3072C8332BBFFB9C00381BDF;
					};
					3072C8532BBFFB9D00381BDF = {
						CreatedOnToolsVersion = 15.1;
						TestTargetID = 3072C8332BBFFB9C00381BDF;
					};
				};
			};
			buildConfigurationList = 3072C82F2BBFFB9B00381BDF /* Build configuration list for PBXProject "Talmideo" */;
			compatibilityVersion = "Xcode 14.0";
			developmentRegion = en;
			hasScannedForEncodings = 0;
			knownRegions = (
				en,
				Base,
				ru,
			);
			mainGroup = 3072C82B2BBFFB9B00381BDF;
			packageReferences = (
				305479A72BCF198B000A6797 /* XCRemoteSwiftPackageReference "firebase-ios-sdk" */,
			);
			productRefGroup = 3072C8352BBFFB9C00381BDF /* Products */;
			projectDirPath = "";
			projectRoot = "";
			targets = (
				3072C8332BBFFB9C00381BDF /* Talmideo */,
				3072C8492BBFFB9D00381BDF /* TalmideoTests */,
				3072C8532BBFFB9D00381BDF /* TalmideoUITests */,
			);
		};
/* End PBXProject section */

/* Begin PBXResourcesBuildPhase section */
		3072C8322BBFFB9C00381BDF /* Resources */ = {
			isa = PBXResourcesBuildPhase;
			buildActionMask = 2147483647;
			files = (
				304455852BCC5CA600B52FCD /* RobotoSlabRegular.ttf in Resources */,
				30493F582BC5C937001BB2AF /* Localizable.strings in Resources */,
				305479AB2BCF1AB5000A6797 /* GoogleService-Info.plist in Resources */,
				3072C8A52BC0049B00381BDF /* database.db in Resources */,
				3072C8442BBFFB9D00381BDF /* LaunchScreen.storyboard in Resources */,
				3086DA622BCA8EB200779F98 /* cardSwipeCalm.mp3 in Resources */,
				304455862BCC5CA600B52FCD /* RobotoSlabMedium.ttf in Resources */,
				3072C8A32BC0049000381BDF /* index.db in Resources */,
				3072C8412BBFFB9D00381BDF /* Assets.xcassets in Resources */,
			);
			runOnlyForDeploymentPostprocessing = 0;
		};
		3072C8482BBFFB9D00381BDF /* Resources */ = {
			isa = PBXResourcesBuildPhase;
			buildActionMask = 2147483647;
			files = (
			);
			runOnlyForDeploymentPostprocessing = 0;
		};
		3072C8522BBFFB9D00381BDF /* Resources */ = {
			isa = PBXResourcesBuildPhase;
			buildActionMask = 2147483647;
			files = (
			);
			runOnlyForDeploymentPostprocessing = 0;
		};
/* End PBXResourcesBuildPhase section */

/* Begin PBXSourcesBuildPhase section */
		3072C8302BBFFB9C00381BDF /* Sources */ = {
			isa = PBXSourcesBuildPhase;
			buildActionMask = 2147483647;
			files = (
				30E5C44B2BC469DA0032D7B3 /* SwipeCardStackDataSource.swift in Sources */,
				3072D6DE2BC037CE00381BDF /* SearchViewModel.swift in Sources */,
				3072D7022BC1ACD000381BDF /* WordDataRowView.swift in Sources */,
				3072C87A2BBFFFA600381BDF /* Route.swift in Sources */,
				30E5C4502BC469DA0032D7B3 /* CardStackStateManager.swift in Sources */,
				30E5C4422BC469DA0032D7B3 /* Array+Extensions.swift in Sources */,
				3072C89C2BBFFFC700381BDF /* Colors.swift in Sources */,
				3072C8912BBFFFC100381BDF /* Float+Extensions.swift in Sources */,
				303D46A62BC2EDFB00A57E09 /* BookmarkManager.swift in Sources */,
				3072D6CE2BC008DC00381BDF /* Publisher+SingleOutput.swift in Sources */,
				3072D6F32BC077AB00381BDF /* ExploreCoordinator.swift in Sources */,
				30E5C41D2BC41E7D0032D7B3 /* CardViewController.swift in Sources */,
				30E5C4402BC469DA0032D7B3 /* SwipeCardDelegate.swift in Sources */,
				30E5C44C2BC469DA0032D7B3 /* CardStackAnimationOptions.swift in Sources */,
				3044557F2BCC400600B52FCD /* OnboardingCoordinator.swift in Sources */,
				3086DA652BCA93A000779F98 /* NotificationManger.swift in Sources */,
				3072D6EC2BC06AC900381BDF /* SettingsViewController.swift in Sources */,
				3072D6F12BC0779E00381BDF /* ExploreViewController.swift in Sources */,
				3072D6C92BC007CD00381BDF /* TalmideoCoordinator.swift in Sources */,
				302E39182BC9A49000639007 /* SoundManager.swift in Sources */,
				3072C88D2BBFFFC100381BDF /* UIColor+Extensions.swift in Sources */,
				30E5C43E2BC469DA0032D7B3 /* SwipeView.swift in Sources */,
				30E5C4452BC469DA0032D7B3 /* StringUtils.swift in Sources */,
				30E5C4442BC469DA0032D7B3 /* UIView+Extensions.swift in Sources */,
				3072C88B2BBFFFC100381BDF /* String+Extensions.swift in Sources */,
				30E5C0A22BC4176B0032D7B3 /* UIButton+Extensions.swift in Sources */,
				3072D7002BC18B2800381BDF /* WordDataView.swift in Sources */,
				3072D6FE2BC133B100381BDF /* WordHeaderView.swift in Sources */,
				30E5C4432BC469DA0032D7B3 /* CGVector+Extensions.swift in Sources */,
				3072D6EA2BC06A7C00381BDF /* SettingsCoordinator.swift in Sources */,
				30E5C41F2BC41E9B0032D7B3 /* CardCoordinator.swift in Sources */,
				303362832BC6B28300A2ECE9 /* CardTimerView.swift in Sources */,
				3072D6C52BC0071600381BDF /* MappedCoordinator.swift in Sources */,
				3072D6C42BC0071600381BDF /* AnyCoordinator.swift in Sources */,
				3072C8792BBFFFA600381BDF /* Router.swift in Sources */,
				3072C87D2BBFFFB600381BDF /* CombineUtils.swift in Sources */,
				3072C88A2BBFFFC100381BDF /* UIViewController+Extensions.swift in Sources */,
				3072D6DB2BC0339800381BDF /* SearchCoordinator.swift in Sources */,
				3072C88F2BBFFFC100381BDF /* UIStackView+Extension.swift in Sources */,
				30E5C44F2BC469DA0032D7B3 /* SwipeCardStackDelegate.swift in Sources */,
				3072C8762BBFFFA600381BDF /* NetworkService.swift in Sources */,
				3072D6E02BC03C3400381BDF /* SearchCellView.swift in Sources */,
				30BD50922BD27C0E008C2D01 /* Analytics.swift in Sources */,
				3072C83C2BBFFB9C00381BDF /* SearchViewController.swift in Sources */,
				3072D6F82BC078AF00381BDF /* WordCoordinator.swift in Sources */,
				30E5C4472BC469DA0032D7B3 /* Animator.swift in Sources */,
				3072C89B2BBFFFC700381BDF /* Constants.swift in Sources */,
				3072D6E32BC03C8400381BDF /* SearchListView.swift in Sources */,
				30E5C44D2BC469DA0032D7B3 /* CardStackAnimator.swift in Sources */,
				304455812BCC400600B52FCD /* OnboardingView.swift in Sources */,
				3072C88C2BBFFFC100381BDF /* UIView+Extension.swift in Sources */,
				30E5C43F2BC469DA0032D7B3 /* CardAnimator.swift in Sources */,
				30E5C4462BC469DA0032D7B3 /* PanGestureRecognizer.swift in Sources */,
				30E5C4412BC469DA0032D7B3 /* SwipeCard.swift in Sources */,
				3072D6D12BC00D3500381BDF /* SQLiteDataDatabase.swift in Sources */,
				3072C8382BBFFB9C00381BDF /* AppDelegate.swift in Sources */,
				3072D6D42BC0168800381BDF /* SearchWordModel.swift in Sources */,
				3072D6E52BC060B600381BDF /* TabViewController.swift in Sources */,
				302E39132BC92B2A00639007 /* SettingsCellView.swift in Sources */,
				3072D6FA2BC078BC00381BDF /* WordViewController.swift in Sources */,
				3072D6CD2BC008DC00381BDF /* CombineAsyncStreamBridge.swift in Sources */,
				303D46A32BC2BF5E00A57E09 /* UISearchBar+Extensions.swift in Sources */,
				30E5C44A2BC469DA0032D7B3 /* SwipeDirection.swift in Sources */,
				303D46A82BC3235200A57E09 /* ExploreItemView.swift in Sources */,
				3072C8892BBFFFC100381BDF /* Int+Extensions.swift in Sources */,
				3072C83A2BBFFB9C00381BDF /* SceneDelegate.swift in Sources */,
				30E5C4492BC469DA0032D7B3 /* TapGestureRecognizer.swift in Sources */,
				3072C89A2BBFFFC700381BDF /* Localized.swift in Sources */,
				3072D6FC2BC0899000381BDF /* WordModel.swift in Sources */,
				3072D6C32BC0071600381BDF /* Coordinatable.swift in Sources */,
				30E5C4482BC469DA0032D7B3 /* CGPoint+Extensions.swift in Sources */,
				30E5C4242BC427320032D7B3 /* CardOverlayView.swift in Sources */,
				3072C8922BBFFFC100381BDF /* Comparable+Extensions.swift in Sources */,
				3072C8A12BC0007100381BDF /* BaseViewController.swift in Sources */,
				30E5C43D2BC469DA0032D7B3 /* CardAnimationOptions.swift in Sources */,
				304455802BCC400600B52FCD /* OnboardingViewController.swift in Sources */,
				3072D6C62BC0071600381BDF /* Coordinator.swift in Sources */,
				3072C88E2BBFFFC100381BDF /* Encodable+Extensions.swift in Sources */,
				3072D6D72BC02ADD00381BDF /* SearchHeaderView.swift in Sources */,
				3072C8902BBFFFC100381BDF /* UserDefaults+Extension.swift in Sources */,
				304455882BCC5E9A00B52FCD /* UIFont+Extensions.swift in Sources */,
				30E5C44E2BC469DA0032D7B3 /* SwipeCardStack.swift in Sources */,
			);
			runOnlyForDeploymentPostprocessing = 0;
		};
		3072C8462BBFFB9D00381BDF /* Sources */ = {
			isa = PBXSourcesBuildPhase;
			buildActionMask = 2147483647;
			files = (
				3072C84F2BBFFB9D00381BDF /* talmideoTests.swift in Sources */,
			);
			runOnlyForDeploymentPostprocessing = 0;
		};
		3072C8502BBFFB9D00381BDF /* Sources */ = {
			isa = PBXSourcesBuildPhase;
			buildActionMask = 2147483647;
			files = (
				3072C8592BBFFB9D00381BDF /* talmideoUITests.swift in Sources */,
				3072C85B2BBFFB9D00381BDF /* talmideoUITestsLaunchTests.swift in Sources */,
			);
			runOnlyForDeploymentPostprocessing = 0;
		};
/* End PBXSourcesBuildPhase section */

/* Begin PBXTargetDependency section */
		3072C84C2BBFFB9D00381BDF /* PBXTargetDependency */ = {
			isa = PBXTargetDependency;
			target = 3072C8332BBFFB9C00381BDF /* Talmideo */;
			targetProxy = 3072C84B2BBFFB9D00381BDF /* PBXContainerItemProxy */;
		};
		3072C8562BBFFB9D00381BDF /* PBXTargetDependency */ = {
			isa = PBXTargetDependency;
			target = 3072C8332BBFFB9C00381BDF /* Talmideo */;
			targetProxy = 3072C8552BBFFB9D00381BDF /* PBXContainerItemProxy */;
		};
/* End PBXTargetDependency section */

/* Begin PBXVariantGroup section */
		30493F5A2BC5C937001BB2AF /* Localizable.strings */ = {
			isa = PBXVariantGroup;
			children = (
				30493F592BC5C937001BB2AF /* en */,
				30493F5B2BC5C93B001BB2AF /* ru */,
			);
			name = Localizable.strings;
			sourceTree = "<group>";
		};
		3072C8422BBFFB9D00381BDF /* LaunchScreen.storyboard */ = {
			isa = PBXVariantGroup;
			children = (
				3072C8432BBFFB9D00381BDF /* Base */,
				30493F542BC5C8EC001BB2AF /* ru */,
			);
			name = LaunchScreen.storyboard;
			sourceTree = "<group>";
		};
/* End PBXVariantGroup section */

/* Begin XCBuildConfiguration section */
		3072C85C2BBFFB9D00381BDF /* Debug */ = {
			isa = XCBuildConfiguration;
			buildSettings = {
				ALWAYS_SEARCH_USER_PATHS = NO;
				ASSETCATALOG_COMPILER_GENERATE_SWIFT_ASSET_SYMBOL_EXTENSIONS = YES;
				CLANG_ANALYZER_LOCALIZABILITY_NONLOCALIZED = YES;
				CLANG_ANALYZER_NONNULL = YES;
				CLANG_ANALYZER_NUMBER_OBJECT_CONVERSION = YES_AGGRESSIVE;
				CLANG_CXX_LANGUAGE_STANDARD = "gnu++20";
				CLANG_ENABLE_MODULES = YES;
				CLANG_ENABLE_OBJC_ARC = YES;
				CLANG_ENABLE_OBJC_WEAK = YES;
				CLANG_WARN_BLOCK_CAPTURE_AUTORELEASING = YES;
				CLANG_WARN_BOOL_CONVERSION = YES;
				CLANG_WARN_COMMA = YES;
				CLANG_WARN_CONSTANT_CONVERSION = YES;
				CLANG_WARN_DEPRECATED_OBJC_IMPLEMENTATIONS = YES;
				CLANG_WARN_DIRECT_OBJC_ISA_USAGE = YES_ERROR;
				CLANG_WARN_DOCUMENTATION_COMMENTS = YES;
				CLANG_WARN_EMPTY_BODY = YES;
				CLANG_WARN_ENUM_CONVERSION = YES;
				CLANG_WARN_INFINITE_RECURSION = YES;
				CLANG_WARN_INT_CONVERSION = YES;
				CLANG_WARN_NON_LITERAL_NULL_CONVERSION = YES;
				CLANG_WARN_OBJC_IMPLICIT_RETAIN_SELF = YES;
				CLANG_WARN_OBJC_LITERAL_CONVERSION = YES;
				CLANG_WARN_OBJC_ROOT_CLASS = YES_ERROR;
				CLANG_WARN_QUOTED_INCLUDE_IN_FRAMEWORK_HEADER = YES;
				CLANG_WARN_RANGE_LOOP_ANALYSIS = YES;
				CLANG_WARN_STRICT_PROTOTYPES = YES;
				CLANG_WARN_SUSPICIOUS_MOVE = YES;
				CLANG_WARN_UNGUARDED_AVAILABILITY = YES_AGGRESSIVE;
				CLANG_WARN_UNREACHABLE_CODE = YES;
				CLANG_WARN__DUPLICATE_METHOD_MATCH = YES;
				COPY_PHASE_STRIP = NO;
				DEBUG_INFORMATION_FORMAT = dwarf;
				ENABLE_STRICT_OBJC_MSGSEND = YES;
				ENABLE_TESTABILITY = YES;
				ENABLE_USER_SCRIPT_SANDBOXING = YES;
				GCC_C_LANGUAGE_STANDARD = gnu17;
				GCC_DYNAMIC_NO_PIC = NO;
				GCC_NO_COMMON_BLOCKS = YES;
				GCC_OPTIMIZATION_LEVEL = 0;
				GCC_PREPROCESSOR_DEFINITIONS = (
					"DEBUG=1",
					"$(inherited)",
				);
				GCC_WARN_64_TO_32_BIT_CONVERSION = YES;
				GCC_WARN_ABOUT_RETURN_TYPE = YES_ERROR;
				GCC_WARN_UNDECLARED_SELECTOR = YES;
				GCC_WARN_UNINITIALIZED_AUTOS = YES_AGGRESSIVE;
				GCC_WARN_UNUSED_FUNCTION = YES;
				GCC_WARN_UNUSED_VARIABLE = YES;
				IPHONEOS_DEPLOYMENT_TARGET = 17.2;
				LOCALIZATION_PREFERS_STRING_CATALOGS = YES;
				MTL_ENABLE_DEBUG_INFO = INCLUDE_SOURCE;
				MTL_FAST_MATH = YES;
				ONLY_ACTIVE_ARCH = YES;
				SDKROOT = iphoneos;
				SWIFT_ACTIVE_COMPILATION_CONDITIONS = "DEBUG $(inherited)";
				SWIFT_OPTIMIZATION_LEVEL = "-Onone";
			};
			name = Debug;
		};
		3072C85D2BBFFB9D00381BDF /* Release */ = {
			isa = XCBuildConfiguration;
			buildSettings = {
				ALWAYS_SEARCH_USER_PATHS = NO;
				ASSETCATALOG_COMPILER_GENERATE_SWIFT_ASSET_SYMBOL_EXTENSIONS = YES;
				CLANG_ANALYZER_LOCALIZABILITY_NONLOCALIZED = YES;
				CLANG_ANALYZER_NONNULL = YES;
				CLANG_ANALYZER_NUMBER_OBJECT_CONVERSION = YES_AGGRESSIVE;
				CLANG_CXX_LANGUAGE_STANDARD = "gnu++20";
				CLANG_ENABLE_MODULES = YES;
				CLANG_ENABLE_OBJC_ARC = YES;
				CLANG_ENABLE_OBJC_WEAK = YES;
				CLANG_WARN_BLOCK_CAPTURE_AUTORELEASING = YES;
				CLANG_WARN_BOOL_CONVERSION = YES;
				CLANG_WARN_COMMA = YES;
				CLANG_WARN_CONSTANT_CONVERSION = YES;
				CLANG_WARN_DEPRECATED_OBJC_IMPLEMENTATIONS = YES;
				CLANG_WARN_DIRECT_OBJC_ISA_USAGE = YES_ERROR;
				CLANG_WARN_DOCUMENTATION_COMMENTS = YES;
				CLANG_WARN_EMPTY_BODY = YES;
				CLANG_WARN_ENUM_CONVERSION = YES;
				CLANG_WARN_INFINITE_RECURSION = YES;
				CLANG_WARN_INT_CONVERSION = YES;
				CLANG_WARN_NON_LITERAL_NULL_CONVERSION = YES;
				CLANG_WARN_OBJC_IMPLICIT_RETAIN_SELF = YES;
				CLANG_WARN_OBJC_LITERAL_CONVERSION = YES;
				CLANG_WARN_OBJC_ROOT_CLASS = YES_ERROR;
				CLANG_WARN_QUOTED_INCLUDE_IN_FRAMEWORK_HEADER = YES;
				CLANG_WARN_RANGE_LOOP_ANALYSIS = YES;
				CLANG_WARN_STRICT_PROTOTYPES = YES;
				CLANG_WARN_SUSPICIOUS_MOVE = YES;
				CLANG_WARN_UNGUARDED_AVAILABILITY = YES_AGGRESSIVE;
				CLANG_WARN_UNREACHABLE_CODE = YES;
				CLANG_WARN__DUPLICATE_METHOD_MATCH = YES;
				COPY_PHASE_STRIP = NO;
				DEBUG_INFORMATION_FORMAT = "dwarf-with-dsym";
				ENABLE_NS_ASSERTIONS = NO;
				ENABLE_STRICT_OBJC_MSGSEND = YES;
				ENABLE_USER_SCRIPT_SANDBOXING = YES;
				GCC_C_LANGUAGE_STANDARD = gnu17;
				GCC_NO_COMMON_BLOCKS = YES;
				GCC_WARN_64_TO_32_BIT_CONVERSION = YES;
				GCC_WARN_ABOUT_RETURN_TYPE = YES_ERROR;
				GCC_WARN_UNDECLARED_SELECTOR = YES;
				GCC_WARN_UNINITIALIZED_AUTOS = YES_AGGRESSIVE;
				GCC_WARN_UNUSED_FUNCTION = YES;
				GCC_WARN_UNUSED_VARIABLE = YES;
				IPHONEOS_DEPLOYMENT_TARGET = 17.2;
				LOCALIZATION_PREFERS_STRING_CATALOGS = YES;
				MTL_ENABLE_DEBUG_INFO = NO;
				MTL_FAST_MATH = YES;
				SDKROOT = iphoneos;
				SWIFT_COMPILATION_MODE = wholemodule;
				VALIDATE_PRODUCT = YES;
			};
			name = Release;
		};
		3072C85F2BBFFB9D00381BDF /* Debug */ = {
			isa = XCBuildConfiguration;
			buildSettings = {
				ASSETCATALOG_COMPILER_APPICON_NAME = AppIcon;
				ASSETCATALOG_COMPILER_GLOBAL_ACCENT_COLOR_NAME = AccentColor;
				CODE_SIGN_STYLE = Automatic;
				CURRENT_PROJECT_VERSION = 5;
				DEVELOPMENT_TEAM = GAH72SPMY9;
				GENERATE_INFOPLIST_FILE = YES;
				INFOPLIST_FILE = App/Resources/Info.plist;
				INFOPLIST_KEY_CFBundleDisplayName = Talmideo;
				INFOPLIST_KEY_LSApplicationCategoryType = "public.app-category.education";
				INFOPLIST_KEY_NSLocalNetworkUsageDescription = "We use notifications to deliver new word alerts and enhance your learning experience.";
				INFOPLIST_KEY_UIApplicationSupportsIndirectInputEvents = YES;
				INFOPLIST_KEY_UILaunchStoryboardName = LaunchScreen;
				INFOPLIST_KEY_UISupportedInterfaceOrientations = UIInterfaceOrientationPortrait;
				INFOPLIST_KEY_UISupportedInterfaceOrientations_iPad = "UIInterfaceOrientationLandscapeLeft UIInterfaceOrientationLandscapeRight UIInterfaceOrientationPortrait UIInterfaceOrientationPortraitUpsideDown";
				IPHONEOS_DEPLOYMENT_TARGET = 15.0;
				LD_RUNPATH_SEARCH_PATHS = (
					"$(inherited)",
					"@executable_path/Frameworks",
				);
				MARKETING_VERSION = 1.0;
				PRODUCT_BUNDLE_IDENTIFIER = tinyprocessing.com.hebrew;
				PRODUCT_NAME = "$(TARGET_NAME)";
				SWIFT_EMIT_LOC_STRINGS = YES;
				SWIFT_VERSION = 5.0;
				TARGETED_DEVICE_FAMILY = "1,2";
			};
			name = Debug;
		};
		3072C8602BBFFB9D00381BDF /* Release */ = {
			isa = XCBuildConfiguration;
			buildSettings = {
				ASSETCATALOG_COMPILER_APPICON_NAME = AppIcon;
				ASSETCATALOG_COMPILER_GLOBAL_ACCENT_COLOR_NAME = AccentColor;
				CODE_SIGN_STYLE = Automatic;
				CURRENT_PROJECT_VERSION = 5;
				DEVELOPMENT_TEAM = GAH72SPMY9;
				GENERATE_INFOPLIST_FILE = YES;
				INFOPLIST_FILE = App/Resources/Info.plist;
				INFOPLIST_KEY_CFBundleDisplayName = Talmideo;
				INFOPLIST_KEY_LSApplicationCategoryType = "public.app-category.education";
				INFOPLIST_KEY_NSLocalNetworkUsageDescription = "We use notifications to deliver new word alerts and enhance your learning experience.";
				INFOPLIST_KEY_UIApplicationSupportsIndirectInputEvents = YES;
				INFOPLIST_KEY_UILaunchStoryboardName = LaunchScreen;
				INFOPLIST_KEY_UISupportedInterfaceOrientations = UIInterfaceOrientationPortrait;
				INFOPLIST_KEY_UISupportedInterfaceOrientations_iPad = "UIInterfaceOrientationLandscapeLeft UIInterfaceOrientationLandscapeRight UIInterfaceOrientationPortrait UIInterfaceOrientationPortraitUpsideDown";
				IPHONEOS_DEPLOYMENT_TARGET = 15.0;
				LD_RUNPATH_SEARCH_PATHS = (
					"$(inherited)",
					"@executable_path/Frameworks",
				);
				MARKETING_VERSION = 1.0;
				PRODUCT_BUNDLE_IDENTIFIER = tinyprocessing.com.hebrew;
				PRODUCT_NAME = "$(TARGET_NAME)";
				SWIFT_EMIT_LOC_STRINGS = YES;
				SWIFT_VERSION = 5.0;
				TARGETED_DEVICE_FAMILY = "1,2";
			};
			name = Release;
		};
		3072C8622BBFFB9D00381BDF /* Debug */ = {
			isa = XCBuildConfiguration;
			buildSettings = {
				ALWAYS_EMBED_SWIFT_STANDARD_LIBRARIES = YES;
				BUNDLE_LOADER = "$(TEST_HOST)";
				CODE_SIGN_STYLE = Automatic;
				CURRENT_PROJECT_VERSION = 1;
				DEVELOPMENT_TEAM = FH85Z67KT3;
				GENERATE_INFOPLIST_FILE = YES;
				IPHONEOS_DEPLOYMENT_TARGET = 17.2;
				MARKETING_VERSION = 1.0;
				PRODUCT_BUNDLE_IDENTIFIER = tinyprocessing.com.hebrewTests;
				PRODUCT_NAME = "$(TARGET_NAME)";
				SWIFT_EMIT_LOC_STRINGS = NO;
				SWIFT_VERSION = 5.0;
				TARGETED_DEVICE_FAMILY = "1,2";
				TEST_HOST = "$(BUILT_PRODUCTS_DIR)/Talmideo.app/$(BUNDLE_EXECUTABLE_FOLDER_PATH)/Talmideo";
			};
			name = Debug;
		};
		3072C8632BBFFB9D00381BDF /* Release */ = {
			isa = XCBuildConfiguration;
			buildSettings = {
				ALWAYS_EMBED_SWIFT_STANDARD_LIBRARIES = YES;
				BUNDLE_LOADER = "$(TEST_HOST)";
				CODE_SIGN_STYLE = Automatic;
				CURRENT_PROJECT_VERSION = 1;
				DEVELOPMENT_TEAM = FH85Z67KT3;
				GENERATE_INFOPLIST_FILE = YES;
				IPHONEOS_DEPLOYMENT_TARGET = 17.2;
				MARKETING_VERSION = 1.0;
				PRODUCT_BUNDLE_IDENTIFIER = tinyprocessing.com.hebrewTests;
				PRODUCT_NAME = "$(TARGET_NAME)";
				SWIFT_EMIT_LOC_STRINGS = NO;
				SWIFT_VERSION = 5.0;
				TARGETED_DEVICE_FAMILY = "1,2";
				TEST_HOST = "$(BUILT_PRODUCTS_DIR)/Talmideo.app/$(BUNDLE_EXECUTABLE_FOLDER_PATH)/Talmideo";
			};
			name = Release;
		};
		3072C8652BBFFB9D00381BDF /* Debug */ = {
			isa = XCBuildConfiguration;
			buildSettings = {
				ALWAYS_EMBED_SWIFT_STANDARD_LIBRARIES = YES;
				CODE_SIGN_STYLE = Automatic;
				CURRENT_PROJECT_VERSION = 1;
				DEVELOPMENT_TEAM = FH85Z67KT3;
				GENERATE_INFOPLIST_FILE = YES;
				MARKETING_VERSION = 1.0;
				PRODUCT_BUNDLE_IDENTIFIER = tinyprocessing.com.hebrewUITests;
				PRODUCT_NAME = "$(TARGET_NAME)";
				SWIFT_EMIT_LOC_STRINGS = NO;
				SWIFT_VERSION = 5.0;
				TARGETED_DEVICE_FAMILY = "1,2";
				TEST_TARGET_NAME = hebrew;
			};
			name = Debug;
		};
		3072C8662BBFFB9D00381BDF /* Release */ = {
			isa = XCBuildConfiguration;
			buildSettings = {
				ALWAYS_EMBED_SWIFT_STANDARD_LIBRARIES = YES;
				CODE_SIGN_STYLE = Automatic;
				CURRENT_PROJECT_VERSION = 1;
				DEVELOPMENT_TEAM = FH85Z67KT3;
				GENERATE_INFOPLIST_FILE = YES;
				MARKETING_VERSION = 1.0;
				PRODUCT_BUNDLE_IDENTIFIER = tinyprocessing.com.hebrewUITests;
				PRODUCT_NAME = "$(TARGET_NAME)";
				SWIFT_EMIT_LOC_STRINGS = NO;
				SWIFT_VERSION = 5.0;
				TARGETED_DEVICE_FAMILY = "1,2";
				TEST_TARGET_NAME = hebrew;
			};
			name = Release;
		};
/* End XCBuildConfiguration section */

/* Begin XCConfigurationList section */
		3072C82F2BBFFB9B00381BDF /* Build configuration list for PBXProject "Talmideo" */ = {
			isa = XCConfigurationList;
			buildConfigurations = (
				3072C85C2BBFFB9D00381BDF /* Debug */,
				3072C85D2BBFFB9D00381BDF /* Release */,
			);
			defaultConfigurationIsVisible = 0;
			defaultConfigurationName = Release;
		};
		3072C85E2BBFFB9D00381BDF /* Build configuration list for PBXNativeTarget "Talmideo" */ = {
			isa = XCConfigurationList;
			buildConfigurations = (
				3072C85F2BBFFB9D00381BDF /* Debug */,
				3072C8602BBFFB9D00381BDF /* Release */,
			);
			defaultConfigurationIsVisible = 0;
			defaultConfigurationName = Release;
		};
		3072C8612BBFFB9D00381BDF /* Build configuration list for PBXNativeTarget "TalmideoTests" */ = {
			isa = XCConfigurationList;
			buildConfigurations = (
				3072C8622BBFFB9D00381BDF /* Debug */,
				3072C8632BBFFB9D00381BDF /* Release */,
			);
			defaultConfigurationIsVisible = 0;
			defaultConfigurationName = Release;
		};
		3072C8642BBFFB9D00381BDF /* Build configuration list for PBXNativeTarget "TalmideoUITests" */ = {
			isa = XCConfigurationList;
			buildConfigurations = (
				3072C8652BBFFB9D00381BDF /* Debug */,
				3072C8662BBFFB9D00381BDF /* Release */,
			);
			defaultConfigurationIsVisible = 0;
			defaultConfigurationName = Release;
		};
/* End XCConfigurationList section */

/* Begin XCRemoteSwiftPackageReference section */
		305479A72BCF198B000A6797 /* XCRemoteSwiftPackageReference "firebase-ios-sdk" */ = {
			isa = XCRemoteSwiftPackageReference;
			repositoryURL = "https://github.com/firebase/firebase-ios-sdk.git";
			requirement = {
				kind = upToNextMajorVersion;
				minimumVersion = 10.24.0;
			};
		};
/* End XCRemoteSwiftPackageReference section */

/* Begin XCSwiftPackageProductDependency section */
		305479A82BCF198B000A6797 /* FirebaseAnalytics */ = {
			isa = XCSwiftPackageProductDependency;
			package = 305479A72BCF198B000A6797 /* XCRemoteSwiftPackageReference "firebase-ios-sdk" */;
			productName = FirebaseAnalytics;
		};
/* End XCSwiftPackageProductDependency section */
	};
	rootObject = 3072C82C2BBFFB9B00381BDF /* Project object */;
}
