// !$*UTF8*$!
{
	archiveVersion = 1;
	classes = {
	};
	objectVersion = 56;
	objects = {

/* Begin PBXBuildFile section */
		3072C8382BBFFB9C00381BDF /* AppDelegate.swift in Sources */ = {isa = PBXBuildFile; fileRef = 3072C8372BBFFB9C00381BDF /* AppDelegate.swift */; };
		3072C83A2BBFFB9C00381BDF /* SceneDelegate.swift in Sources */ = {isa = PBXBuildFile; fileRef = 3072C8392BBFFB9C00381BDF /* SceneDelegate.swift */; };
		3072C83C2BBFFB9C00381BDF /* ViewController.swift in Sources */ = {isa = PBXBuildFile; fileRef = 3072C83B2BBFFB9C00381BDF /* ViewController.swift */; };
		3072C83F2BBFFB9C00381BDF /* Main.storyboard in Resources */ = {isa = PBXBuildFile; fileRef = 3072C83D2BBFFB9C00381BDF /* Main.storyboard */; };
		3072C8412BBFFB9D00381BDF /* Assets.xcassets in Resources */ = {isa = PBXBuildFile; fileRef = 3072C8402BBFFB9D00381BDF /* Assets.xcassets */; };
		3072C8442BBFFB9D00381BDF /* LaunchScreen.storyboard in Resources */ = {isa = PBXBuildFile; fileRef = 3072C8422BBFFB9D00381BDF /* LaunchScreen.storyboard */; };
		3072C84F2BBFFB9D00381BDF /* hebrewTests.swift in Sources */ = {isa = PBXBuildFile; fileRef = 3072C84E2BBFFB9D00381BDF /* hebrewTests.swift */; };
		3072C8592BBFFB9D00381BDF /* hebrewUITests.swift in Sources */ = {isa = PBXBuildFile; fileRef = 3072C8582BBFFB9D00381BDF /* hebrewUITests.swift */; };
		3072C85B2BBFFB9D00381BDF /* hebrewUITestsLaunchTests.swift in Sources */ = {isa = PBXBuildFile; fileRef = 3072C85A2BBFFB9D00381BDF /* hebrewUITestsLaunchTests.swift */; };
/* End PBXBuildFile section */

/* Begin PBXContainerItemProxy section */
		3072C84B2BBFFB9D00381BDF /* PBXContainerItemProxy */ = {
			isa = PBXContainerItemProxy;
			containerPortal = 3072C82C2BBFFB9B00381BDF /* Project object */;
			proxyType = 1;
			remoteGlobalIDString = 3072C8332BBFFB9C00381BDF;
			remoteInfo = hebrew;
		};
		3072C8552BBFFB9D00381BDF /* PBXContainerItemProxy */ = {
			isa = PBXContainerItemProxy;
			containerPortal = 3072C82C2BBFFB9B00381BDF /* Project object */;
			proxyType = 1;
			remoteGlobalIDString = 3072C8332BBFFB9C00381BDF;
			remoteInfo = hebrew;
		};
/* End PBXContainerItemProxy section */

/* Begin PBXFileReference section */
		3072C8342BBFFB9C00381BDF /* hebrew.app */ = {isa = PBXFileReference; explicitFileType = wrapper.application; includeInIndex = 0; path = hebrew.app; sourceTree = BUILT_PRODUCTS_DIR; };
		3072C8372BBFFB9C00381BDF /* AppDelegate.swift */ = {isa = PBXFileReference; lastKnownFileType = sourcecode.swift; path = AppDelegate.swift; sourceTree = "<group>"; };
		3072C8392BBFFB9C00381BDF /* SceneDelegate.swift */ = {isa = PBXFileReference; lastKnownFileType = sourcecode.swift; path = SceneDelegate.swift; sourceTree = "<group>"; };
		3072C83B2BBFFB9C00381BDF /* ViewController.swift */ = {isa = PBXFileReference; lastKnownFileType = sourcecode.swift; path = ViewController.swift; sourceTree = "<group>"; };
		3072C83E2BBFFB9C00381BDF /* Base */ = {isa = PBXFileReference; lastKnownFileType = file.storyboard; name = Base; path = Base.lproj/Main.storyboard; sourceTree = "<group>"; };
		3072C8402BBFFB9D00381BDF /* Assets.xcassets */ = {isa = PBXFileReference; lastKnownFileType = folder.assetcatalog; path = Assets.xcassets; sourceTree = "<group>"; };
		3072C8432BBFFB9D00381BDF /* Base */ = {isa = PBXFileReference; lastKnownFileType = file.storyboard; name = Base; path = Base.lproj/LaunchScreen.storyboard; sourceTree = "<group>"; };
		3072C8452BBFFB9D00381BDF /* Info.plist */ = {isa = PBXFileReference; lastKnownFileType = text.plist.xml; path = Info.plist; sourceTree = "<group>"; };
		3072C84A2BBFFB9D00381BDF /* hebrewTests.xctest */ = {isa = PBXFileReference; explicitFileType = wrapper.cfbundle; includeInIndex = 0; path = hebrewTests.xctest; sourceTree = BUILT_PRODUCTS_DIR; };
		3072C84E2BBFFB9D00381BDF /* hebrewTests.swift */ = {isa = PBXFileReference; lastKnownFileType = sourcecode.swift; path = hebrewTests.swift; sourceTree = "<group>"; };
		3072C8542BBFFB9D00381BDF /* hebrewUITests.xctest */ = {isa = PBXFileReference; explicitFileType = wrapper.cfbundle; includeInIndex = 0; path = hebrewUITests.xctest; sourceTree = BUILT_PRODUCTS_DIR; };
		3072C8582BBFFB9D00381BDF /* hebrewUITests.swift */ = {isa = PBXFileReference; lastKnownFileType = sourcecode.swift; path = hebrewUITests.swift; sourceTree = "<group>"; };
		3072C85A2BBFFB9D00381BDF /* hebrewUITestsLaunchTests.swift */ = {isa = PBXFileReference; lastKnownFileType = sourcecode.swift; path = hebrewUITestsLaunchTests.swift; sourceTree = "<group>"; };
/* End PBXFileReference section */

/* Begin PBXFrameworksBuildPhase section */
		3072C8312BBFFB9C00381BDF /* Frameworks */ = {
			isa = PBXFrameworksBuildPhase;
			buildActionMask = 2147483647;
			files = (
			);
			runOnlyForDeploymentPostprocessing = 0;
		};
		3072C8472BBFFB9D00381BDF /* Frameworks */ = {
			isa = PBXFrameworksBuildPhase;
			buildActionMask = 2147483647;
			files = (
			);
			runOnlyForDeploymentPostprocessing = 0;
		};
		3072C8512BBFFB9D00381BDF /* Frameworks */ = {
			isa = PBXFrameworksBuildPhase;
			buildActionMask = 2147483647;
			files = (
			);
			runOnlyForDeploymentPostprocessing = 0;
		};
/* End PBXFrameworksBuildPhase section */

/* Begin PBXGroup section */
		3072C82B2BBFFB9B00381BDF = {
			isa = PBXGroup;
			children = (
				3072C8362BBFFB9C00381BDF /* hebrew */,
				3072C84D2BBFFB9D00381BDF /* hebrewTests */,
				3072C8572BBFFB9D00381BDF /* hebrewUITests */,
				3072C8352BBFFB9C00381BDF /* Products */,
			);
			sourceTree = "<group>";
		};
		3072C8352BBFFB9C00381BDF /* Products */ = {
			isa = PBXGroup;
			children = (
				3072C8342BBFFB9C00381BDF /* hebrew.app */,
				3072C84A2BBFFB9D00381BDF /* hebrewTests.xctest */,
				3072C8542BBFFB9D00381BDF /* hebrewUITests.xctest */,
			);
			name = Products;
			sourceTree = "<group>";
		};
		3072C8362BBFFB9C00381BDF /* hebrew */ = {
			isa = PBXGroup;
			children = (
				3072C8372BBFFB9C00381BDF /* AppDelegate.swift */,
				3072C8392BBFFB9C00381BDF /* SceneDelegate.swift */,
				3072C83B2BBFFB9C00381BDF /* ViewController.swift */,
				3072C83D2BBFFB9C00381BDF /* Main.storyboard */,
				3072C8402BBFFB9D00381BDF /* Assets.xcassets */,
				3072C8422BBFFB9D00381BDF /* LaunchScreen.storyboard */,
				3072C8452BBFFB9D00381BDF /* Info.plist */,
			);
			path = hebrew;
			sourceTree = "<group>";
		};
		3072C84D2BBFFB9D00381BDF /* hebrewTests */ = {
			isa = PBXGroup;
			children = (
				3072C84E2BBFFB9D00381BDF /* hebrewTests.swift */,
			);
			path = hebrewTests;
			sourceTree = "<group>";
		};
		3072C8572BBFFB9D00381BDF /* hebrewUITests */ = {
			isa = PBXGroup;
			children = (
				3072C8582BBFFB9D00381BDF /* hebrewUITests.swift */,
				3072C85A2BBFFB9D00381BDF /* hebrewUITestsLaunchTests.swift */,
			);
			path = hebrewUITests;
			sourceTree = "<group>";
		};
/* End PBXGroup section */

/* Begin PBXNativeTarget section */
		3072C8332BBFFB9C00381BDF /* hebrew */ = {
			isa = PBXNativeTarget;
			buildConfigurationList = 3072C85E2BBFFB9D00381BDF /* Build configuration list for PBXNativeTarget "hebrew" */;
			buildPhases = (
				3072C8302BBFFB9C00381BDF /* Sources */,
				3072C8312BBFFB9C00381BDF /* Frameworks */,
				3072C8322BBFFB9C00381BDF /* Resources */,
			);
			buildRules = (
			);
			dependencies = (
			);
			name = hebrew;
			productName = hebrew;
			productReference = 3072C8342BBFFB9C00381BDF /* hebrew.app */;
			productType = "com.apple.product-type.application";
		};
		3072C8492BBFFB9D00381BDF /* hebrewTests */ = {
			isa = PBXNativeTarget;
			buildConfigurationList = 3072C8612BBFFB9D00381BDF /* Build configuration list for PBXNativeTarget "hebrewTests" */;
			buildPhases = (
				3072C8462BBFFB9D00381BDF /* Sources */,
				3072C8472BBFFB9D00381BDF /* Frameworks */,
				3072C8482BBFFB9D00381BDF /* Resources */,
			);
			buildRules = (
			);
			dependencies = (
				3072C84C2BBFFB9D00381BDF /* PBXTargetDependency */,
			);
			name = hebrewTests;
			productName = hebrewTests;
			productReference = 3072C84A2BBFFB9D00381BDF /* hebrewTests.xctest */;
			productType = "com.apple.product-type.bundle.unit-test";
		};
		3072C8532BBFFB9D00381BDF /* hebrewUITests */ = {
			isa = PBXNativeTarget;
			buildConfigurationList = 3072C8642BBFFB9D00381BDF /* Build configuration list for PBXNativeTarget "hebrewUITests" */;
			buildPhases = (
				3072C8502BBFFB9D00381BDF /* Sources */,
				3072C8512BBFFB9D00381BDF /* Frameworks */,
				3072C8522BBFFB9D00381BDF /* Resources */,
			);
			buildRules = (
			);
			dependencies = (
				3072C8562BBFFB9D00381BDF /* PBXTargetDependency */,
			);
			name = hebrewUITests;
			productName = hebrewUITests;
			productReference = 3072C8542BBFFB9D00381BDF /* hebrewUITests.xctest */;
			productType = "com.apple.product-type.bundle.ui-testing";
		};
/* End PBXNativeTarget section */

/* Begin PBXProject section */
		3072C82C2BBFFB9B00381BDF /* Project object */ = {
			isa = PBXProject;
			attributes = {
				BuildIndependentTargetsInParallel = 1;
				LastSwiftUpdateCheck = 1510;
				LastUpgradeCheck = 1510;
				TargetAttributes = {
					3072C8332BBFFB9C00381BDF = {
						CreatedOnToolsVersion = 15.1;
					};
					3072C8492BBFFB9D00381BDF = {
						CreatedOnToolsVersion = 15.1;
						TestTargetID = 3072C8332BBFFB9C00381BDF;
					};
					3072C8532BBFFB9D00381BDF = {
						CreatedOnToolsVersion = 15.1;
						TestTargetID = 3072C8332BBFFB9C00381BDF;
					};
				};
			};
			buildConfigurationList = 3072C82F2BBFFB9B00381BDF /* Build configuration list for PBXProject "hebrew" */;
			compatibilityVersion = "Xcode 14.0";
			developmentRegion = en;
			hasScannedForEncodings = 0;
			knownRegions = (
				en,
				Base,
			);
			mainGroup = 3072C82B2BBFFB9B00381BDF;
			productRefGroup = 3072C8352BBFFB9C00381BDF /* Products */;
			projectDirPath = "";
			projectRoot = "";
			targets = (
				3072C8332BBFFB9C00381BDF /* hebrew */,
				3072C8492BBFFB9D00381BDF /* hebrewTests */,
				3072C8532BBFFB9D00381BDF /* hebrewUITests */,
			);
		};
/* End PBXProject section */

/* Begin PBXResourcesBuildPhase section */
		3072C8322BBFFB9C00381BDF /* Resources */ = {
			isa = PBXResourcesBuildPhase;
			buildActionMask = 2147483647;
			files = (
				3072C8442BBFFB9D00381BDF /* LaunchScreen.storyboard in Resources */,
				3072C8412BBFFB9D00381BDF /* Assets.xcassets in Resources */,
				3072C83F2BBFFB9C00381BDF /* Main.storyboard in Resources */,
			);
			runOnlyForDeploymentPostprocessing = 0;
		};
		3072C8482BBFFB9D00381BDF /* Resources */ = {
			isa = PBXResourcesBuildPhase;
			buildActionMask = 2147483647;
			files = (
			);
			runOnlyForDeploymentPostprocessing = 0;
		};
		3072C8522BBFFB9D00381BDF /* Resources */ = {
			isa = PBXResourcesBuildPhase;
			buildActionMask = 2147483647;
			files = (
			);
			runOnlyForDeploymentPostprocessing = 0;
		};
/* End PBXResourcesBuildPhase section */

/* Begin PBXSourcesBuildPhase section */
		3072C8302BBFFB9C00381BDF /* Sources */ = {
			isa = PBXSourcesBuildPhase;
			buildActionMask = 2147483647;
			files = (
				3072C83C2BBFFB9C00381BDF /* ViewController.swift in Sources */,
				3072C8382BBFFB9C00381BDF /* AppDelegate.swift in Sources */,
				3072C83A2BBFFB9C00381BDF /* SceneDelegate.swift in Sources */,
			);
			runOnlyForDeploymentPostprocessing = 0;
		};
		3072C8462BBFFB9D00381BDF /* Sources */ = {
			isa = PBXSourcesBuildPhase;
			buildActionMask = 2147483647;
			files = (
				3072C84F2BBFFB9D00381BDF /* hebrewTests.swift in Sources */,
			);
			runOnlyForDeploymentPostprocessing = 0;
		};
		3072C8502BBFFB9D00381BDF /* Sources */ = {
			isa = PBXSourcesBuildPhase;
			buildActionMask = 2147483647;
			files = (
				3072C8592BBFFB9D00381BDF /* hebrewUITests.swift in Sources */,
				3072C85B2BBFFB9D00381BDF /* hebrewUITestsLaunchTests.swift in Sources */,
			);
			runOnlyForDeploymentPostprocessing = 0;
		};
/* End PBXSourcesBuildPhase section */

/* Begin PBXTargetDependency section */
		3072C84C2BBFFB9D00381BDF /* PBXTargetDependency */ = {
			isa = PBXTargetDependency;
			target = 3072C8332BBFFB9C00381BDF /* hebrew */;
			targetProxy = 3072C84B2BBFFB9D00381BDF /* PBXContainerItemProxy */;
		};
		3072C8562BBFFB9D00381BDF /* PBXTargetDependency */ = {
			isa = PBXTargetDependency;
			target = 3072C8332BBFFB9C00381BDF /* hebrew */;
			targetProxy = 3072C8552BBFFB9D00381BDF /* PBXContainerItemProxy */;
		};
/* End PBXTargetDependency section */

/* Begin PBXVariantGroup section */
		3072C83D2BBFFB9C00381BDF /* Main.storyboard */ = {
			isa = PBXVariantGroup;
			children = (
				3072C83E2BBFFB9C00381BDF /* Base */,
			);
			name = Main.storyboard;
			sourceTree = "<group>";
		};
		3072C8422BBFFB9D00381BDF /* LaunchScreen.storyboard */ = {
			isa = PBXVariantGroup;
			children = (
				3072C8432BBFFB9D00381BDF /* Base */,
			);
			name = LaunchScreen.storyboard;
			sourceTree = "<group>";
		};
/* End PBXVariantGroup section */

/* Begin XCBuildConfiguration section */
		3072C85C2BBFFB9D00381BDF /* Debug */ = {
			isa = XCBuildConfiguration;
			buildSettings = {
				ALWAYS_SEARCH_USER_PATHS = NO;
				ASSETCATALOG_COMPILER_GENERATE_SWIFT_ASSET_SYMBOL_EXTENSIONS = YES;
				CLANG_ANALYZER_NONNULL = YES;
				CLANG_ANALYZER_NUMBER_OBJECT_CONVERSION = YES_AGGRESSIVE;
				CLANG_CXX_LANGUAGE_STANDARD = "gnu++20";
				CLANG_ENABLE_MODULES = YES;
				CLANG_ENABLE_OBJC_ARC = YES;
				CLANG_ENABLE_OBJC_WEAK = YES;
				CLANG_WARN_BLOCK_CAPTURE_AUTORELEASING = YES;
				CLANG_WARN_BOOL_CONVERSION = YES;
				CLANG_WARN_COMMA = YES;
				CLANG_WARN_CONSTANT_CONVERSION = YES;
				CLANG_WARN_DEPRECATED_OBJC_IMPLEMENTATIONS = YES;
				CLANG_WARN_DIRECT_OBJC_ISA_USAGE = YES_ERROR;
				CLANG_WARN_DOCUMENTATION_COMMENTS = YES;
				CLANG_WARN_EMPTY_BODY = YES;
				CLANG_WARN_ENUM_CONVERSION = YES;
				CLANG_WARN_INFINITE_RECURSION = YES;
				CLANG_WARN_INT_CONVERSION = YES;
				CLANG_WARN_NON_LITERAL_NULL_CONVERSION = YES;
				CLANG_WARN_OBJC_IMPLICIT_RETAIN_SELF = YES;
				CLANG_WARN_OBJC_LITERAL_CONVERSION = YES;
				CLANG_WARN_OBJC_ROOT_CLASS = YES_ERROR;
				CLANG_WARN_QUOTED_INCLUDE_IN_FRAMEWORK_HEADER = YES;
				CLANG_WARN_RANGE_LOOP_ANALYSIS = YES;
				CLANG_WARN_STRICT_PROTOTYPES = YES;
				CLANG_WARN_SUSPICIOUS_MOVE = YES;
				CLANG_WARN_UNGUARDED_AVAILABILITY = YES_AGGRESSIVE;
				CLANG_WARN_UNREACHABLE_CODE = YES;
				CLANG_WARN__DUPLICATE_METHOD_MATCH = YES;
				COPY_PHASE_STRIP = NO;
				DEBUG_INFORMATION_FORMAT = dwarf;
				ENABLE_STRICT_OBJC_MSGSEND = YES;
				ENABLE_TESTABILITY = YES;
				ENABLE_USER_SCRIPT_SANDBOXING = YES;
				GCC_C_LANGUAGE_STANDARD = gnu17;
				GCC_DYNAMIC_NO_PIC = NO;
				GCC_NO_COMMON_BLOCKS = YES;
				GCC_OPTIMIZATION_LEVEL = 0;
				GCC_PREPROCESSOR_DEFINITIONS = (
					"DEBUG=1",
					"$(inherited)",
				);
				GCC_WARN_64_TO_32_BIT_CONVERSION = YES;
				GCC_WARN_ABOUT_RETURN_TYPE = YES_ERROR;
				GCC_WARN_UNDECLARED_SELECTOR = YES;
				GCC_WARN_UNINITIALIZED_AUTOS = YES_AGGRESSIVE;
				GCC_WARN_UNUSED_FUNCTION = YES;
				GCC_WARN_UNUSED_VARIABLE = YES;
				IPHONEOS_DEPLOYMENT_TARGET = 17.2;
				LOCALIZATION_PREFERS_STRING_CATALOGS = YES;
				MTL_ENABLE_DEBUG_INFO = INCLUDE_SOURCE;
				MTL_FAST_MATH = YES;
				ONLY_ACTIVE_ARCH = YES;
				SDKROOT = iphoneos;
				SWIFT_ACTIVE_COMPILATION_CONDITIONS = "DEBUG $(inherited)";
				SWIFT_OPTIMIZATION_LEVEL = "-Onone";
			};
			name = Debug;
		};
		3072C85D2BBFFB9D00381BDF /* Release */ = {
			isa = XCBuildConfiguration;
			buildSettings = {
				ALWAYS_SEARCH_USER_PATHS = NO;
				ASSETCATALOG_COMPILER_GENERATE_SWIFT_ASSET_SYMBOL_EXTENSIONS = YES;
				CLANG_ANALYZER_NONNULL = YES;
				CLANG_ANALYZER_NUMBER_OBJECT_CONVERSION = YES_AGGRESSIVE;
				CLANG_CXX_LANGUAGE_STANDARD = "gnu++20";
				CLANG_ENABLE_MODULES = YES;
				CLANG_ENABLE_OBJC_ARC = YES;
				CLANG_ENABLE_OBJC_WEAK = YES;
				CLANG_WARN_BLOCK_CAPTURE_AUTORELEASING = YES;
				CLANG_WARN_BOOL_CONVERSION = YES;
				CLANG_WARN_COMMA = YES;
				CLANG_WARN_CONSTANT_CONVERSION = YES;
				CLANG_WARN_DEPRECATED_OBJC_IMPLEMENTATIONS = YES;
				CLANG_WARN_DIRECT_OBJC_ISA_USAGE = YES_ERROR;
				CLANG_WARN_DOCUMENTATION_COMMENTS = YES;
				CLANG_WARN_EMPTY_BODY = YES;
				CLANG_WARN_ENUM_CONVERSION = YES;
				CLANG_WARN_INFINITE_RECURSION = YES;
				CLANG_WARN_INT_CONVERSION = YES;
				CLANG_WARN_NON_LITERAL_NULL_CONVERSION = YES;
				CLANG_WARN_OBJC_IMPLICIT_RETAIN_SELF = YES;
				CLANG_WARN_OBJC_LITERAL_CONVERSION = YES;
				CLANG_WARN_OBJC_ROOT_CLASS = YES_ERROR;
				CLANG_WARN_QUOTED_INCLUDE_IN_FRAMEWORK_HEADER = YES;
				CLANG_WARN_RANGE_LOOP_ANALYSIS = YES;
				CLANG_WARN_STRICT_PROTOTYPES = YES;
				CLANG_WARN_SUSPICIOUS_MOVE = YES;
				CLANG_WARN_UNGUARDED_AVAILABILITY = YES_AGGRESSIVE;
				CLANG_WARN_UNREACHABLE_CODE = YES;
				CLANG_WARN__DUPLICATE_METHOD_MATCH = YES;
				COPY_PHASE_STRIP = NO;
				DEBUG_INFORMATION_FORMAT = "dwarf-with-dsym";
				ENABLE_NS_ASSERTIONS = NO;
				ENABLE_STRICT_OBJC_MSGSEND = YES;
				ENABLE_USER_SCRIPT_SANDBOXING = YES;
				GCC_C_LANGUAGE_STANDARD = gnu17;
				GCC_NO_COMMON_BLOCKS = YES;
				GCC_WARN_64_TO_32_BIT_CONVERSION = YES;
				GCC_WARN_ABOUT_RETURN_TYPE = YES_ERROR;
				GCC_WARN_UNDECLARED_SELECTOR = YES;
				GCC_WARN_UNINITIALIZED_AUTOS = YES_AGGRESSIVE;
				GCC_WARN_UNUSED_FUNCTION = YES;
				GCC_WARN_UNUSED_VARIABLE = YES;
				IPHONEOS_DEPLOYMENT_TARGET = 17.2;
				LOCALIZATION_PREFERS_STRING_CATALOGS = YES;
				MTL_ENABLE_DEBUG_INFO = NO;
				MTL_FAST_MATH = YES;
				SDKROOT = iphoneos;
				SWIFT_COMPILATION_MODE = wholemodule;
				VALIDATE_PRODUCT = YES;
			};
			name = Release;
		};
		3072C85F2BBFFB9D00381BDF /* Debug */ = {
			isa = XCBuildConfiguration;
			buildSettings = {
				ASSETCATALOG_COMPILER_APPICON_NAME = AppIcon;
				ASSETCATALOG_COMPILER_GLOBAL_ACCENT_COLOR_NAME = AccentColor;
				CODE_SIGN_STYLE = Automatic;
				CURRENT_PROJECT_VERSION = 1;
				DEVELOPMENT_TEAM = FH85Z67KT3;
				GENERATE_INFOPLIST_FILE = YES;
				INFOPLIST_FILE = hebrew/Info.plist;
				INFOPLIST_KEY_UIApplicationSupportsIndirectInputEvents = YES;
				INFOPLIST_KEY_UILaunchStoryboardName = LaunchScreen;
				INFOPLIST_KEY_UIMainStoryboardFile = Main;
				INFOPLIST_KEY_UISupportedInterfaceOrientations_iPad = "UIInterfaceOrientationPortrait UIInterfaceOrientationPortraitUpsideDown UIInterfaceOrientationLandscapeLeft UIInterfaceOrientationLandscapeRight";
				INFOPLIST_KEY_UISupportedInterfaceOrientations_iPhone = "UIInterfaceOrientationPortrait UIInterfaceOrientationLandscapeLeft UIInterfaceOrientationLandscapeRight";
				LD_RUNPATH_SEARCH_PATHS = (
					"$(inherited)",
					"@executable_path/Frameworks",
				);
				MARKETING_VERSION = 1.0;
				PRODUCT_BUNDLE_IDENTIFIER = tinyprocessing.com.hebrew;
				PRODUCT_NAME = "$(TARGET_NAME)";
				SWIFT_EMIT_LOC_STRINGS = YES;
				SWIFT_VERSION = 5.0;
				TARGETED_DEVICE_FAMILY = "1,2";
			};
			name = Debug;
		};
		3072C8602BBFFB9D00381BDF /* Release */ = {
			isa = XCBuildConfiguration;
			buildSettings = {
				ASSETCATALOG_COMPILER_APPICON_NAME = AppIcon;
				ASSETCATALOG_COMPILER_GLOBAL_ACCENT_COLOR_NAME = AccentColor;
				CODE_SIGN_STYLE = Automatic;
				CURRENT_PROJECT_VERSION = 1;
				DEVELOPMENT_TEAM = FH85Z67KT3;
				GENERATE_INFOPLIST_FILE = YES;
				INFOPLIST_FILE = hebrew/Info.plist;
				INFOPLIST_KEY_UIApplicationSupportsIndirectInputEvents = YES;
				INFOPLIST_KEY_UILaunchStoryboardName = LaunchScreen;
				INFOPLIST_KEY_UIMainStoryboardFile = Main;
				INFOPLIST_KEY_UISupportedInterfaceOrientations_iPad = "UIInterfaceOrientationPortrait UIInterfaceOrientationPortraitUpsideDown UIInterfaceOrientationLandscapeLeft UIInterfaceOrientationLandscapeRight";
				INFOPLIST_KEY_UISupportedInterfaceOrientations_iPhone = "UIInterfaceOrientationPortrait UIInterfaceOrientationLandscapeLeft UIInterfaceOrientationLandscapeRight";
				LD_RUNPATH_SEARCH_PATHS = (
					"$(inherited)",
					"@executable_path/Frameworks",
				);
				MARKETING_VERSION = 1.0;
				PRODUCT_BUNDLE_IDENTIFIER = tinyprocessing.com.hebrew;
				PRODUCT_NAME = "$(TARGET_NAME)";
				SWIFT_EMIT_LOC_STRINGS = YES;
				SWIFT_VERSION = 5.0;
				TARGETED_DEVICE_FAMILY = "1,2";
			};
			name = Release;
		};
		3072C8622BBFFB9D00381BDF /* Debug */ = {
			isa = XCBuildConfiguration;
			buildSettings = {
				ALWAYS_EMBED_SWIFT_STANDARD_LIBRARIES = YES;
				BUNDLE_LOADER = "$(TEST_HOST)";
				CODE_SIGN_STYLE = Automatic;
				CURRENT_PROJECT_VERSION = 1;
				DEVELOPMENT_TEAM = FH85Z67KT3;
				GENERATE_INFOPLIST_FILE = YES;
				IPHONEOS_DEPLOYMENT_TARGET = 17.2;
				MARKETING_VERSION = 1.0;
				PRODUCT_BUNDLE_IDENTIFIER = tinyprocessing.com.hebrewTests;
				PRODUCT_NAME = "$(TARGET_NAME)";
				SWIFT_EMIT_LOC_STRINGS = NO;
				SWIFT_VERSION = 5.0;
				TARGETED_DEVICE_FAMILY = "1,2";
				TEST_HOST = "$(BUILT_PRODUCTS_DIR)/hebrew.app/$(BUNDLE_EXECUTABLE_FOLDER_PATH)/hebrew";
			};
			name = Debug;
		};
		3072C8632BBFFB9D00381BDF /* Release */ = {
			isa = XCBuildConfiguration;
			buildSettings = {
				ALWAYS_EMBED_SWIFT_STANDARD_LIBRARIES = YES;
				BUNDLE_LOADER = "$(TEST_HOST)";
				CODE_SIGN_STYLE = Automatic;
				CURRENT_PROJECT_VERSION = 1;
				DEVELOPMENT_TEAM = FH85Z67KT3;
				GENERATE_INFOPLIST_FILE = YES;
				IPHONEOS_DEPLOYMENT_TARGET = 17.2;
				MARKETING_VERSION = 1.0;
				PRODUCT_BUNDLE_IDENTIFIER = tinyprocessing.com.hebrewTests;
				PRODUCT_NAME = "$(TARGET_NAME)";
				SWIFT_EMIT_LOC_STRINGS = NO;
				SWIFT_VERSION = 5.0;
				TARGETED_DEVICE_FAMILY = "1,2";
				TEST_HOST = "$(BUILT_PRODUCTS_DIR)/hebrew.app/$(BUNDLE_EXECUTABLE_FOLDER_PATH)/hebrew";
			};
			name = Release;
		};
		3072C8652BBFFB9D00381BDF /* Debug */ = {
			isa = XCBuildConfiguration;
			buildSettings = {
				ALWAYS_EMBED_SWIFT_STANDARD_LIBRARIES = YES;
				CODE_SIGN_STYLE = Automatic;
				CURRENT_PROJECT_VERSION = 1;
				DEVELOPMENT_TEAM = FH85Z67KT3;
				GENERATE_INFOPLIST_FILE = YES;
				MARKETING_VERSION = 1.0;
				PRODUCT_BUNDLE_IDENTIFIER = tinyprocessing.com.hebrewUITests;
				PRODUCT_NAME = "$(TARGET_NAME)";
				SWIFT_EMIT_LOC_STRINGS = NO;
				SWIFT_VERSION = 5.0;
				TARGETED_DEVICE_FAMILY = "1,2";
				TEST_TARGET_NAME = hebrew;
			};
			name = Debug;
		};
		3072C8662BBFFB9D00381BDF /* Release */ = {
			isa = XCBuildConfiguration;
			buildSettings = {
				ALWAYS_EMBED_SWIFT_STANDARD_LIBRARIES = YES;
				CODE_SIGN_STYLE = Automatic;
				CURRENT_PROJECT_VERSION = 1;
				DEVELOPMENT_TEAM = FH85Z67KT3;
				GENERATE_INFOPLIST_FILE = YES;
				MARKETING_VERSION = 1.0;
				PRODUCT_BUNDLE_IDENTIFIER = tinyprocessing.com.hebrewUITests;
				PRODUCT_NAME = "$(TARGET_NAME)";
				SWIFT_EMIT_LOC_STRINGS = NO;
				SWIFT_VERSION = 5.0;
				TARGETED_DEVICE_FAMILY = "1,2";
				TEST_TARGET_NAME = hebrew;
			};
			name = Release;
		};
/* End XCBuildConfiguration section */

/* Begin XCConfigurationList section */
		3072C82F2BBFFB9B00381BDF /* Build configuration list for PBXProject "hebrew" */ = {
			isa = XCConfigurationList;
			buildConfigurations = (
				3072C85C2BBFFB9D00381BDF /* Debug */,
				3072C85D2BBFFB9D00381BDF /* Release */,
			);
			defaultConfigurationIsVisible = 0;
			defaultConfigurationName = Release;
		};
		3072C85E2BBFFB9D00381BDF /* Build configuration list for PBXNativeTarget "hebrew" */ = {
			isa = XCConfigurationList;
			buildConfigurations = (
				3072C85F2BBFFB9D00381BDF /* Debug */,
				3072C8602BBFFB9D00381BDF /* Release */,
			);
			defaultConfigurationIsVisible = 0;
			defaultConfigurationName = Release;
		};
		3072C8612BBFFB9D00381BDF /* Build configuration list for PBXNativeTarget "hebrewTests" */ = {
			isa = XCConfigurationList;
			buildConfigurations = (
				3072C8622BBFFB9D00381BDF /* Debug */,
				3072C8632BBFFB9D00381BDF /* Release */,
			);
			defaultConfigurationIsVisible = 0;
			defaultConfigurationName = Release;
		};
		3072C8642BBFFB9D00381BDF /* Build configuration list for PBXNativeTarget "hebrewUITests" */ = {
			isa = XCConfigurationList;
			buildConfigurations = (
				3072C8652BBFFB9D00381BDF /* Debug */,
				3072C8662BBFFB9D00381BDF /* Release */,
			);
			defaultConfigurationIsVisible = 0;
			defaultConfigurationName = Release;
		};
/* End XCConfigurationList section */
	};
	rootObject = 3072C82C2BBFFB9B00381BDF /* Project object */;
}
